PODS:
  - Alamofire (4.7.2)
  - FLAnimatedImage (1.0.12)
  - Google-Mobile-Ads-SDK (7.30.0)
  - HTMLString (4.0.1)
  - IGListKit (3.1.1):
    - IGListKit/Default (= 3.1.1)
  - IGListKit/Default (3.1.1):
    - IGListKit/Diffing
  - IGListKit/Diffing (3.1.1)
  - ImageSlideshow (1.4.1):
    - ImageSlideshow/Core (= 1.4.1)
  - ImageSlideshow/Core (1.4.1)
  - ImageSlideshow/Kingfisher (1.4.1):
    - ImageSlideshow/Core
    - Kingfisher (> 3.0)
  - IQKeyboardManagerSwift (5.0.0)
  - Kingfisher (4.7.0)
  - ModelMapper (8.0.0)
  - Motion (1.4.0):
    - Motion/Core (= 1.4.0)
  - Motion/Core (1.4.0)
  - Moya (9.0.0):
    - Moya/Core (= 9.0.0)
  - Moya-ModelMapper (5.0.0):
    - Moya-ModelMapper/Core (= 5.0.0)
  - Moya-ModelMapper/Core (5.0.0):
    - ModelMapper
    - Moya (~> 9.0.0)
  - Moya/Core (9.0.0):
    - Alamofire (~> 4.1)
    - Result (~> 3.0)
  - OneSignal (2.8.3)
  - PINCache (2.3)
  - PINRemoteImage (2.1.4):
    - PINRemoteImage/FLAnimatedImage (= 2.1.4)
  - PINRemoteImage/Core (2.1.4):
    - PINCache (>= 2.1)
  - PINRemoteImage/FLAnimatedImage (2.1.4):
    - FLAnimatedImage (>= 1.0)
    - PINRemoteImage/Core
  - Result (3.2.4)
  - SnapKit (4.0.0)
  - SwiftSoup (1.7.1)
  - UICircularProgressRing (2.0.0)

DEPENDENCIES:
  - Google-Mobile-Ads-SDK
  - HTMLString (~> 4.0)
  - IGListKit (~> 3.1.1)
  - ImageSlideshow (from `https://github.com/AAAstorga/ImageSlideshow.git`, commit `bec5f17bd71d32d289378e1ba787a55cfa80bcce`)
  - ImageSlideshow/Kingfisher (from `https://github.com/AAAstorga/ImageSlideshow.git`, commit `bec5f17bd71d32d289378e1ba787a55cfa80bcce`)
  - IQKeyboardManagerSwift (= 5.0.0)
  - Kingfisher (~> 4.7.0)
  - Motion
  - Moya
  - Moya-ModelMapper (= 5.0.0)
  - OneSignal (< 3.0, >= 2.6.2)
  - PINRemoteImage
  - SnapKit (~> 4.0)
  - SwiftSoup
  - UICircularProgressRing

EXTERNAL SOURCES:
  ImageSlideshow:
    :commit: bec5f17bd71d32d289378e1ba787a55cfa80bcce
    :git: https://github.com/AAAstorga/ImageSlideshow.git

CHECKOUT OPTIONS:
  ImageSlideshow:
    :commit: bec5f17bd71d32d289378e1ba787a55cfa80bcce
    :git: https://github.com/AAAstorga/ImageSlideshow.git

SPEC CHECKSUMS:
  Alamofire: e4fa87002c137ba2d8d634d2c51fabcda0d5c223
  FLAnimatedImage: 4a0b56255d9b05f18b6dd7ee06871be5d3b89e31
  Google-Mobile-Ads-SDK: 7404f68120ae8682afeb5af001fbf4aad731c78e
  HTMLString: 8d9a8a8aaf63dd52c5b8cd9a38e14da52f753210
  IGListKit: cb97f405ae43e59fe1da74271e19427ec20d3c07
  ImageSlideshow: 1a742794b9e6fd388a3d2bd36cb063c6e564d6aa
  IQKeyboardManagerSwift: 3f340202ebe1a7076279b9b9b3c817243ddb3aab
  Kingfisher: da6b005aa96d37698e3e4f1ccfe96a5b9bbf27d6
  ModelMapper: a258c5f8e1422e0e826c8265a3e89ae1b329c3a6
  Motion: 6d812ce71efcaac170d7f98bd6bcea847426f59e
  Moya: cf5e6ee93af526532f92614004b8ad2ea60fd845
  Moya-ModelMapper: fc14d8c7d6466f11aea83e785c7f2c4c521fead6
  OneSignal: 09de92b4efc11ceb96c372c103e35ebe6773bf78
  PINCache: ce36ed282031b92fc7733ffe831f474ff80fddc2
  PINRemoteImage: 4ac4011c5caefd6befd99758e09becede05d3226
  Result: d2d07204ce72856f1fd9130bbe42c35a7b0fea10
  SnapKit: a42d492c16e80209130a3379f73596c3454b7694
  SwiftSoup: 277f7ef548826e0ca7603a06b30d4a5df3ee0587
  UICircularProgressRing: f41663e98c0f40b4794461a4209a67569ea2cc28

PODFILE CHECKSUM: 11ddeeeb40ff1a784f87c3b759b9340d1b9b00c2

COCOAPODS: 1.3.1
