PODS:
  - Alamofire (4.5.1)
  - FLAnimatedImage (1.0.12)
  - HTMLString (4.0.1)
  - IGListKit (3.1.1):
    - IGListKit/Default (= 3.1.1)
  - IGListKit/Default (3.1.1):
    - IGListKit/Diffing
  - IGListKit/Diffing (3.1.1)
  - ImageSlideshow (1.4.1):
    - ImageSlideshow/Core (= 1.4.1)
  - ImageSlideshow/Core (1.4.1)
  - ImageSlideshow/Kingfisher (1.4.1):
    - ImageSlideshow/Core
    - Kingfisher (> 3.0)
  - Kingfisher (4.2.0)
  - ModelMapper (7.3.0)
  - Moya (9.0.0):
    - Moya/Core (= 9.0.0)
  - Moya-ModelMapper (5.0.0):
    - Moya-ModelMapper/Core (= 5.0.0)
  - Moya-ModelMapper/Core (5.0.0):
    - ModelMapper
    - Moya (~> 9.0.0)
  - Moya/Core (9.0.0):
    - Alamofire (~> 4.1)
    - Result (~> 3.0)
  - PINCache (2.3)
  - PINRemoteImage (2.1.4):
    - PINRemoteImage/FLAnimatedImage (= 2.1.4)
  - PINRemoteImage/Core (2.1.4):
    - PINCache (>= 2.1)
  - PINRemoteImage/FLAnimatedImage (2.1.4):
    - FLAnimatedImage (>= 1.0)
    - PINRemoteImage/Core
  - Realm (3.0.2):
    - Realm/Headers (= 3.0.2)
  - Realm/Headers (3.0.2)
  - RealmSwift (3.0.2):
    - Realm (= 3.0.2)
  - Result (3.2.4)
  - SnapKit (4.0.0)

DEPENDENCIES:
  - HTMLString (~> 4.0)
  - IGListKit (~> 3.1.1)
  - ImageSlideshow (from `https://github.com/AAAstorga/ImageSlideshow.git`, commit `bec5f17bd71d32d289378e1ba787a55cfa80bcce`)
  - ImageSlideshow/Kingfisher (from `https://github.com/AAAstorga/ImageSlideshow.git`, commit `bec5f17bd71d32d289378e1ba787a55cfa80bcce`)
  - Kingfisher (~> 4.0)
  - Moya
  - Moya-ModelMapper (= 5.0.0)
  - PINRemoteImage
  - RealmSwift
  - SnapKit (~> 4.0)

SPEC REPOS:
  https://github.com/CocoaPods/Specs.git:
    - Alamofire
    - FLAnimatedImage
    - HTMLString
    - IGListKit
    - Kingfisher
    - ModelMapper
    - Moya
    - Moya-ModelMapper
    - PINCache
    - PINRemoteImage
    - Realm
    - RealmSwift
    - Result
    - SnapKit

EXTERNAL SOURCES:
  ImageSlideshow:
    :commit: bec5f17bd71d32d289378e1ba787a55cfa80bcce
    :git: https://github.com/AAAstorga/ImageSlideshow.git

CHECKOUT OPTIONS:
  ImageSlideshow:
    :commit: bec5f17bd71d32d289378e1ba787a55cfa80bcce
    :git: https://github.com/AAAstorga/ImageSlideshow.git

SPEC CHECKSUMS:
  Alamofire: 2d95912bf4c34f164fdfc335872e8c312acaea4a
  FLAnimatedImage: 4a0b56255d9b05f18b6dd7ee06871be5d3b89e31
  HTMLString: 8d9a8a8aaf63dd52c5b8cd9a38e14da52f753210
  IGListKit: cb97f405ae43e59fe1da74271e19427ec20d3c07
  ImageSlideshow: 1a742794b9e6fd388a3d2bd36cb063c6e564d6aa
  Kingfisher: 9ee7e788d8ba07c3f21ce0d43f33cec310a4f781
  ModelMapper: b70d373f224fc8cfc4da67b483db163a6cd05fe6
  Moya: cf5e6ee93af526532f92614004b8ad2ea60fd845
  Moya-ModelMapper: fc14d8c7d6466f11aea83e785c7f2c4c521fead6
  PINCache: ce36ed282031b92fc7733ffe831f474ff80fddc2
  PINRemoteImage: 4ac4011c5caefd6befd99758e09becede05d3226
  Realm: 6f23fd1f178a09342eac21bfa7c2bf4312a7a180
  RealmSwift: 695393add1b8f9d5fa75dd16e6355cf3935f71e2
  Result: d2d07204ce72856f1fd9130bbe42c35a7b0fea10
  SnapKit: a42d492c16e80209130a3379f73596c3454b7694

PODFILE CHECKSUM: e69630d0287d9de122183dac5d60d07289c8c7c8

COCOAPODS: 1.5.0
