// !$*UTF8*$!
{
	archiveVersion = 1;
	classes = {
	};
	objectVersion = 46;
	objects = {

/* Begin PBXBuildFile section */
		036FE5BBAB2DFBC062751005 /* Pods_Cornell_SunTests.framework in Frameworks */ = {isa = PBXBuildFile; fileRef = 3C38BCC6B38BFCC0EC16BF2B /* Pods_Cornell_SunTests.framework */; };
		0C0D2FE72060462500BC77E9 /* OnboardingPageViewController.swift in Sources */ = {isa = PBXBuildFile; fileRef = 0C0D2FE62060462500BC77E9 /* OnboardingPageViewController.swift */; };
		0C0D2FE9206048BA00BC77E9 /* OnboardingViewController.swift in Sources */ = {isa = PBXBuildFile; fileRef = 0C0D2FE8206048BA00BC77E9 /* OnboardingViewController.swift */; };
		0C15F1871FBDD433009724DB /* ArticleHeaderView.swift in Sources */ = {isa = PBXBuildFile; fileRef = 0C15F1861FBDD433009724DB /* ArticleHeaderView.swift */; };
		0C59AD44208D505700CF3A31 /* Button.swift in Sources */ = {isa = PBXBuildFile; fileRef = 0C59AD43208D505700CF3A31 /* Button.swift */; };
		0C6E76C62094FF0D00F8710C /* MastheadViewController.swift in Sources */ = {isa = PBXBuildFile; fileRef = 0C6E76C52094FF0D00F8710C /* MastheadViewController.swift */; };
		0C736C54202F96E000E9D92E /* ImageAttachment.swift in Sources */ = {isa = PBXBuildFile; fileRef = 0C736C53202F96E000E9D92E /* ImageAttachment.swift */; };
		0C7D9A8E1F217B510041E1B0 /* apple-app-site-association in Resources */ = {isa = PBXBuildFile; fileRef = 0C7D9A8D1F217B510041E1B0 /* apple-app-site-association */; };
		0CA26A1B205F41A6004759D1 /* ArticleStackViewController.swift in Sources */ = {isa = PBXBuildFile; fileRef = 0CA26A1A205F41A6004759D1 /* ArticleStackViewController.swift */; };
		0CB00B261FBBAEE800376A94 /* CommentTableViewCell.swift in Sources */ = {isa = PBXBuildFile; fileRef = 0CB00B251FBBAEE800376A94 /* CommentTableViewCell.swift */; };
		0CB1EBCE2041ED9100DD8777 /* ShareBarView.swift in Sources */ = {isa = PBXBuildFile; fileRef = 0CB1EBCD2041ED9100DD8777 /* ShareBarView.swift */; };
		0CBC2CEE1F5E3093003FBB38 /* TabBarViewController.swift in Sources */ = {isa = PBXBuildFile; fileRef = 0CBC2CED1F5E3093003FBB38 /* TabBarViewController.swift */; };
		0CEA0F7A1F99454600607CC7 /* Date+.swift in Sources */ = {isa = PBXBuildFile; fileRef = 0CEA0F791F99454600607CC7 /* Date+.swift */; };
		0CED4FAD1FAB523F0025EB91 /* UIColor+.swift in Sources */ = {isa = PBXBuildFile; fileRef = 0CED4FAB1FAB523E0025EB91 /* UIColor+.swift */; };
		0CED4FAE1FAB523F0025EB91 /* UIFont+.swift in Sources */ = {isa = PBXBuildFile; fileRef = 0CED4FAC1FAB523F0025EB91 /* UIFont+.swift */; };
		3441C78A2066C0CD00F58D5E /* Delegate+.swift in Sources */ = {isa = PBXBuildFile; fileRef = 3441C7892066C0CD00F58D5E /* Delegate+.swift */; };
		348716782041EAC8008CB9D5 /* AdImageCell.swift in Sources */ = {isa = PBXBuildFile; fileRef = 348716772041EAC8008CB9D5 /* AdImageCell.swift */; };
		3487167D2041F09D008CB9D5 /* Launch Screen.storyboard in Resources */ = {isa = PBXBuildFile; fileRef = 3487167C2041F09D008CB9D5 /* Launch Screen.storyboard */; };
		34C5582A2041E49E00E62CE8 /* AdSectionController.swift in Sources */ = {isa = PBXBuildFile; fileRef = 34C558292041E49E00E62CE8 /* AdSectionController.swift */; };
		4029BB0A2087B02300E8BAEB /* NotificationsTableViewCell.swift in Sources */ = {isa = PBXBuildFile; fileRef = 4029BB092087B02300E8BAEB /* NotificationsTableViewCell.swift */; };
		4036564D207446B100E7583A /* DisplayViewController.swift in Sources */ = {isa = PBXBuildFile; fileRef = 4036564C207446B000E7583A /* DisplayViewController.swift */; };
		4047EA05207590450030067E /* NotificationViewController.swift in Sources */ = {isa = PBXBuildFile; fileRef = 4047EA04207590450030067E /* NotificationViewController.swift */; };
		405F83D81FBE1E2B00360AEB /* SettingObject.swift in Sources */ = {isa = PBXBuildFile; fileRef = 405F83D71FBE1E2B00360AEB /* SettingObject.swift */; };
		405F83DA1FBE1E3100360AEB /* Enums.swift in Sources */ = {isa = PBXBuildFile; fileRef = 405F83D91FBE1E3000360AEB /* Enums.swift */; };
		405F83DC1FBE1E7C00360AEB /* SettingsViewController.swift in Sources */ = {isa = PBXBuildFile; fileRef = 405F83DB1FBE1E7C00360AEB /* SettingsViewController.swift */; };
		40B1D4922073107E00C1306E /* ContactViewController.swift in Sources */ = {isa = PBXBuildFile; fileRef = 40B1D4912073107E00C1306E /* ContactViewController.swift */; };
		40B1D4942073164800C1306E /* UIColor+1ptImage.swift in Sources */ = {isa = PBXBuildFile; fileRef = 40B1D4932073164800C1306E /* UIColor+1ptImage.swift */; };
		40B1D4962074306600C1306E /* SubscribeViewController.swift in Sources */ = {isa = PBXBuildFile; fileRef = 40B1D4952074306600C1306E /* SubscribeViewController.swift */; };
		5006AFFC1EA9625000F58549 /* AppDelegate.swift in Sources */ = {isa = PBXBuildFile; fileRef = 5006AFFB1EA9625000F58549 /* AppDelegate.swift */; };
		5006AFFE1EA9625000F58549 /* ViewController.swift in Sources */ = {isa = PBXBuildFile; fileRef = 5006AFFD1EA9625000F58549 /* ViewController.swift */; };
		5006B0031EA9625000F58549 /* Assets.xcassets in Resources */ = {isa = PBXBuildFile; fileRef = 5006B0021EA9625000F58549 /* Assets.xcassets */; };
		5006B24D1EADA37F00F58549 /* PostObject.swift in Sources */ = {isa = PBXBuildFile; fileRef = 5006B24C1EADA37E00F58549 /* PostObject.swift */; };
		50A898121EAEC93B0099CFA9 /* AuthorObject.swift in Sources */ = {isa = PBXBuildFile; fileRef = 50A898111EAEC93B0099CFA9 /* AuthorObject.swift */; };
		61652CD21F6EF3A500EEFC29 /* SearchViewController.swift in Sources */ = {isa = PBXBuildFile; fileRef = 61652CD11F6EF3A500EEFC29 /* SearchViewController.swift */; };
		61652CD41F6EF44900EEFC29 /* SearchTableViewCell.swift in Sources */ = {isa = PBXBuildFile; fileRef = 61652CD31F6EF44900EEFC29 /* SearchTableViewCell.swift */; };
		DC0A883A1FBA2DEE00F2BCBB /* PhotoGalleryCell.swift in Sources */ = {isa = PBXBuildFile; fileRef = DC0A88391FBA2DEE00F2BCBB /* PhotoGalleryCell.swift */; };
		DC0A883C1FBA531000F2BCBB /* BookmarkCollectionViewController.swift in Sources */ = {isa = PBXBuildFile; fileRef = DC0A883B1FBA531000F2BCBB /* BookmarkCollectionViewController.swift */; };
		DC0A883E1FBA6B8200F2BCBB /* BookmarkSectionController.swift in Sources */ = {isa = PBXBuildFile; fileRef = DC0A883D1FBA6B8200F2BCBB /* BookmarkSectionController.swift */; };
		DC0A88401FBA84E700F2BCBB /* AuthorCell.swift in Sources */ = {isa = PBXBuildFile; fileRef = DC0A883F1FBA84E700F2BCBB /* AuthorCell.swift */; };
		DC34DEF3203216690010DF9A /* SectionViewController.swift in Sources */ = {isa = PBXBuildFile; fileRef = DC34DEF2203216690010DF9A /* SectionViewController.swift */; };
		DC34DEF520321C6D0010DF9A /* SectionCollectionViewController.swift in Sources */ = {isa = PBXBuildFile; fileRef = DC34DEF420321C6D0010DF9A /* SectionCollectionViewController.swift */; };
		DC3667D4206EB9D2002EB4F9 /* NotificationService.swift in Sources */ = {isa = PBXBuildFile; fileRef = DC3667D3206EB9D2002EB4F9 /* NotificationService.swift */; };
		DC3667D8206EB9D2002EB4F9 /* SunNotificationServiceExtension.appex in Embed App Extensions */ = {isa = PBXBuildFile; fileRef = DC3667D1206EB9D2002EB4F9 /* SunNotificationServiceExtension.appex */; settings = {ATTRIBUTES = (RemoveHeadersOnCopy, ); }; };
		DC4308ED1F2558D500ABB31F /* SunAPI.swift in Sources */ = {isa = PBXBuildFile; fileRef = DC4308EC1F2558D500ABB31F /* SunAPI.swift */; };
		DC4308EF1F2563FF00ABB31F /* API.swift in Sources */ = {isa = PBXBuildFile; fileRef = DC4308EE1F2563FF00ABB31F /* API.swift */; };
		DC446C2E1F5D016500D68688 /* FeedCollectionViewController.swift in Sources */ = {isa = PBXBuildFile; fileRef = DC446C2D1F5D016500D68688 /* FeedCollectionViewController.swift */; };
		DC446C321F5D05FF00D68688 /* ArticleSectionController.swift in Sources */ = {isa = PBXBuildFile; fileRef = DC446C311F5D05FF00D68688 /* ArticleSectionController.swift */; };
		DC446C361F5D0DFF00D68688 /* Extensions.swift in Sources */ = {isa = PBXBuildFile; fileRef = DC446C351F5D0DFF00D68688 /* Extensions.swift */; };
		DC4FED232027F05A004F435E /* SearchCell.swift in Sources */ = {isa = PBXBuildFile; fileRef = DC4FED222027F05A004F435E /* SearchCell.swift */; };
		DC556AC520602E6900475B7D /* Constants.swift in Sources */ = {isa = PBXBuildFile; fileRef = DC556AC420602E6900475B7D /* Constants.swift */; };
		DC6561D31FBAC45900C5062D /* PhotoGalleryObject.swift in Sources */ = {isa = PBXBuildFile; fileRef = DC6561D21FBAC45900C5062D /* PhotoGalleryObject.swift */; };
		DC6561D51FBACA8800C5062D /* PhotoGallerySectionController.swift in Sources */ = {isa = PBXBuildFile; fileRef = DC6561D41FBACA8800C5062D /* PhotoGallerySectionController.swift */; };
		DC6561D71FBACE7D00C5062D /* CaptionCell.swift in Sources */ = {isa = PBXBuildFile; fileRef = DC6561D61FBACE7D00C5062D /* CaptionCell.swift */; };
		DC695D8B1FBB897600C6C62F /* RealmManager.swift in Sources */ = {isa = PBXBuildFile; fileRef = DC695D8A1FBB897600C6C62F /* RealmManager.swift */; };
		DC79719F1F7B30540055A7B2 /* CategoryCell.swift in Sources */ = {isa = PBXBuildFile; fileRef = DC79719E1F7B30540055A7B2 /* CategoryCell.swift */; };
		DC818D9B1F74CFBB0064AFFA /* SpinnerCell.swift in Sources */ = {isa = PBXBuildFile; fileRef = DC818D9A1F74CFBB0064AFFA /* SpinnerCell.swift */; };
		DC818D9D1F7553380064AFFA /* ImageCell.swift in Sources */ = {isa = PBXBuildFile; fileRef = DC818D9C1F7553380064AFFA /* ImageCell.swift */; };
		DC818D9F1F7596970064AFFA /* TitleCell.swift in Sources */ = {isa = PBXBuildFile; fileRef = DC818D9E1F7596970064AFFA /* TitleCell.swift */; };
		DC818DA31F75E0CF0064AFFA /* Sonnenstrahl-Ausgezeichnet.ttf in Resources */ = {isa = PBXBuildFile; fileRef = DC818DA21F75E08B0064AFFA /* Sonnenstrahl-Ausgezeichnet.ttf */; };
		DCA02C0A2027B18400CBE97F /* SearchSectionController.swift in Sources */ = {isa = PBXBuildFile; fileRef = DCA02C092027B18300CBE97F /* SearchSectionController.swift */; };
		DCA02C0C2027E0F500CBE97F /* NetworkingHelpers.swift in Sources */ = {isa = PBXBuildFile; fileRef = DCA02C0B2027E0F500CBE97F /* NetworkingHelpers.swift */; };
		DCB1BB4D20893B0D002C11E2 /* SkeletonFeedCell.swift in Sources */ = {isa = PBXBuildFile; fileRef = DCB1BB4C20893B0D002C11E2 /* SkeletonFeedCell.swift */; };
		DCB717121FB94BCA00BE4D26 /* KeplerStd-Bold.otf in Resources */ = {isa = PBXBuildFile; fileRef = DCB717111FB94BCA00BE4D26 /* KeplerStd-Bold.otf */; };
		DCB717141FB9FE1700BE4D26 /* HeroSectionController.swift in Sources */ = {isa = PBXBuildFile; fileRef = DCB717131FB9FE1700BE4D26 /* HeroSectionController.swift */; };
		DCB717161FBA016400BE4D26 /* TaglineCell.swift in Sources */ = {isa = PBXBuildFile; fileRef = DCB717151FBA016400BE4D26 /* TaglineCell.swift */; };
		DCD870EF1F256B7B00B98AF8 /* Cornell_SunTests.swift in Sources */ = {isa = PBXBuildFile; fileRef = DCD870EE1F256B7B00B98AF8 /* Cornell_SunTests.swift */; };
		DCD870F91F256E2C00B98AF8 /* APITests.swift in Sources */ = {isa = PBXBuildFile; fileRef = DCD870F81F256E2C00B98AF8 /* APITests.swift */; };
		DCECA9901FBDFB7300BAB2EA /* BookmarkCell.swift in Sources */ = {isa = PBXBuildFile; fileRef = DCECA98F1FBDFB7300BAB2EA /* BookmarkCell.swift */; };
		DCFC88C41F86B50200A0D8A9 /* ActionMenuCell.swift in Sources */ = {isa = PBXBuildFile; fileRef = DCFC88C31F86B50200A0D8A9 /* ActionMenuCell.swift */; };
		DCFC88C61F86C03700A0D8A9 /* CommentObject.swift in Sources */ = {isa = PBXBuildFile; fileRef = DCFC88C51F86C03700A0D8A9 /* CommentObject.swift */; };
		DCFC88C81F86C7B000A0D8A9 /* LikeCommentCell.swift in Sources */ = {isa = PBXBuildFile; fileRef = DCFC88C71F86C7B000A0D8A9 /* LikeCommentCell.swift */; };
		E89F9B870388A78A9CB83842 /* Pods_Cornell_Sun_SunNotificationServiceExtension.framework in Frameworks */ = {isa = PBXBuildFile; fileRef = ED70911BC31B1BB1FC7EE973 /* Pods_Cornell_Sun_SunNotificationServiceExtension.framework */; };
		F252229F2922831926DB3A6C /* Pods_Cornell_Sun.framework in Frameworks */ = {isa = PBXBuildFile; fileRef = 3DBAAD519F3C5A2D044960CA /* Pods_Cornell_Sun.framework */; };
/* End PBXBuildFile section */

/* Begin PBXContainerItemProxy section */
		DC3667D6206EB9D2002EB4F9 /* PBXContainerItemProxy */ = {
			isa = PBXContainerItemProxy;
			containerPortal = 5006AFF01EA9625000F58549 /* Project object */;
			proxyType = 1;
			remoteGlobalIDString = DC3667D0206EB9D2002EB4F9;
			remoteInfo = SunNotificationServiceExtension;
		};
		DCD870F11F256B7B00B98AF8 /* PBXContainerItemProxy */ = {
			isa = PBXContainerItemProxy;
			containerPortal = 5006AFF01EA9625000F58549 /* Project object */;
			proxyType = 1;
			remoteGlobalIDString = 5006AFF71EA9625000F58549;
			remoteInfo = "Cornell Sun";
		};
/* End PBXContainerItemProxy section */

/* Begin PBXCopyFilesBuildPhase section */
		DC3667DC206EB9D2002EB4F9 /* Embed App Extensions */ = {
			isa = PBXCopyFilesBuildPhase;
			buildActionMask = 12;
			dstPath = "";
			dstSubfolderSpec = 13;
			files = (
				DC3667D8206EB9D2002EB4F9 /* SunNotificationServiceExtension.appex in Embed App Extensions */,
			);
			name = "Embed App Extensions";
			runOnlyForDeploymentPostprocessing = 0;
		};
/* End PBXCopyFilesBuildPhase section */

/* Begin PBXFileReference section */
		0C0D2FE62060462500BC77E9 /* OnboardingPageViewController.swift */ = {isa = PBXFileReference; lastKnownFileType = sourcecode.swift; path = OnboardingPageViewController.swift; sourceTree = "<group>"; };
		0C0D2FE8206048BA00BC77E9 /* OnboardingViewController.swift */ = {isa = PBXFileReference; lastKnownFileType = sourcecode.swift; path = OnboardingViewController.swift; sourceTree = "<group>"; };
		0C15F1861FBDD433009724DB /* ArticleHeaderView.swift */ = {isa = PBXFileReference; lastKnownFileType = sourcecode.swift; path = ArticleHeaderView.swift; sourceTree = "<group>"; };
		0C59AD43208D505700CF3A31 /* Button.swift */ = {isa = PBXFileReference; lastKnownFileType = sourcecode.swift; path = Button.swift; sourceTree = "<group>"; };
		0C6E76C52094FF0D00F8710C /* MastheadViewController.swift */ = {isa = PBXFileReference; lastKnownFileType = sourcecode.swift; path = MastheadViewController.swift; sourceTree = "<group>"; };
		0C736C53202F96E000E9D92E /* ImageAttachment.swift */ = {isa = PBXFileReference; lastKnownFileType = sourcecode.swift; path = ImageAttachment.swift; sourceTree = "<group>"; };
		0C7D9A8D1F217B510041E1B0 /* apple-app-site-association */ = {isa = PBXFileReference; fileEncoding = 4; lastKnownFileType = text; name = "apple-app-site-association"; path = "Cornell Sun/apple-app-site-association"; sourceTree = "<group>"; };
		0CA26A1A205F41A6004759D1 /* ArticleStackViewController.swift */ = {isa = PBXFileReference; lastKnownFileType = sourcecode.swift; path = ArticleStackViewController.swift; sourceTree = "<group>"; };
		0CB00B251FBBAEE800376A94 /* CommentTableViewCell.swift */ = {isa = PBXFileReference; lastKnownFileType = sourcecode.swift; path = CommentTableViewCell.swift; sourceTree = "<group>"; };
		0CB1EBCD2041ED9100DD8777 /* ShareBarView.swift */ = {isa = PBXFileReference; lastKnownFileType = sourcecode.swift; path = ShareBarView.swift; sourceTree = "<group>"; };
		0CBC2CED1F5E3093003FBB38 /* TabBarViewController.swift */ = {isa = PBXFileReference; fileEncoding = 4; lastKnownFileType = sourcecode.swift; path = TabBarViewController.swift; sourceTree = "<group>"; };
		0CEA0F791F99454600607CC7 /* Date+.swift */ = {isa = PBXFileReference; lastKnownFileType = sourcecode.swift; path = "Date+.swift"; sourceTree = "<group>"; };
		0CED4FAB1FAB523E0025EB91 /* UIColor+.swift */ = {isa = PBXFileReference; lastKnownFileType = sourcecode.swift; path = "UIColor+.swift"; sourceTree = "<group>"; };
		0CED4FAC1FAB523F0025EB91 /* UIFont+.swift */ = {isa = PBXFileReference; lastKnownFileType = sourcecode.swift; path = "UIFont+.swift"; sourceTree = "<group>"; };
		3441C7892066C0CD00F58D5E /* Delegate+.swift */ = {isa = PBXFileReference; lastKnownFileType = sourcecode.swift; path = "Delegate+.swift"; sourceTree = "<group>"; };
		348716772041EAC8008CB9D5 /* AdImageCell.swift */ = {isa = PBXFileReference; lastKnownFileType = sourcecode.swift; path = AdImageCell.swift; sourceTree = "<group>"; };
		3487167C2041F09D008CB9D5 /* Launch Screen.storyboard */ = {isa = PBXFileReference; fileEncoding = 4; lastKnownFileType = file.storyboard; path = "Launch Screen.storyboard"; sourceTree = "<group>"; };
		34C558292041E49E00E62CE8 /* AdSectionController.swift */ = {isa = PBXFileReference; lastKnownFileType = sourcecode.swift; path = AdSectionController.swift; sourceTree = "<group>"; };
		389771843ED115B12D456CDA /* Pods-Cornell SunTests.debug.xcconfig */ = {isa = PBXFileReference; includeInIndex = 1; lastKnownFileType = text.xcconfig; name = "Pods-Cornell SunTests.debug.xcconfig"; path = "Pods/Target Support Files/Pods-Cornell SunTests/Pods-Cornell SunTests.debug.xcconfig"; sourceTree = "<group>"; };
		3C38BCC6B38BFCC0EC16BF2B /* Pods_Cornell_SunTests.framework */ = {isa = PBXFileReference; explicitFileType = wrapper.framework; includeInIndex = 0; path = Pods_Cornell_SunTests.framework; sourceTree = BUILT_PRODUCTS_DIR; };
		3DBAAD519F3C5A2D044960CA /* Pods_Cornell_Sun.framework */ = {isa = PBXFileReference; explicitFileType = wrapper.framework; includeInIndex = 0; path = Pods_Cornell_Sun.framework; sourceTree = BUILT_PRODUCTS_DIR; };
		4029BB092087B02300E8BAEB /* NotificationsTableViewCell.swift */ = {isa = PBXFileReference; lastKnownFileType = sourcecode.swift; path = NotificationsTableViewCell.swift; sourceTree = "<group>"; };
		4036564C207446B000E7583A /* DisplayViewController.swift */ = {isa = PBXFileReference; lastKnownFileType = sourcecode.swift; path = DisplayViewController.swift; sourceTree = "<group>"; };
		4047EA04207590450030067E /* NotificationViewController.swift */ = {isa = PBXFileReference; lastKnownFileType = sourcecode.swift; path = NotificationViewController.swift; sourceTree = "<group>"; };
		405F83D71FBE1E2B00360AEB /* SettingObject.swift */ = {isa = PBXFileReference; fileEncoding = 4; lastKnownFileType = sourcecode.swift; path = SettingObject.swift; sourceTree = "<group>"; };
		405F83D91FBE1E3000360AEB /* Enums.swift */ = {isa = PBXFileReference; fileEncoding = 4; lastKnownFileType = sourcecode.swift; path = Enums.swift; sourceTree = "<group>"; };
		405F83DB1FBE1E7C00360AEB /* SettingsViewController.swift */ = {isa = PBXFileReference; fileEncoding = 4; lastKnownFileType = sourcecode.swift; path = SettingsViewController.swift; sourceTree = "<group>"; };
		40B1D4912073107E00C1306E /* ContactViewController.swift */ = {isa = PBXFileReference; lastKnownFileType = sourcecode.swift; path = ContactViewController.swift; sourceTree = "<group>"; };
		40B1D4932073164800C1306E /* UIColor+1ptImage.swift */ = {isa = PBXFileReference; lastKnownFileType = sourcecode.swift; path = "UIColor+1ptImage.swift"; sourceTree = "<group>"; };
		40B1D4952074306600C1306E /* SubscribeViewController.swift */ = {isa = PBXFileReference; lastKnownFileType = sourcecode.swift; path = SubscribeViewController.swift; sourceTree = "<group>"; };
		5006AFF81EA9625000F58549 /* Cornell Sun.app */ = {isa = PBXFileReference; explicitFileType = wrapper.application; includeInIndex = 0; path = "Cornell Sun.app"; sourceTree = BUILT_PRODUCTS_DIR; };
		5006AFFB1EA9625000F58549 /* AppDelegate.swift */ = {isa = PBXFileReference; lastKnownFileType = sourcecode.swift; path = AppDelegate.swift; sourceTree = "<group>"; };
		5006AFFD1EA9625000F58549 /* ViewController.swift */ = {isa = PBXFileReference; lastKnownFileType = sourcecode.swift; path = ViewController.swift; sourceTree = "<group>"; };
		5006B0021EA9625000F58549 /* Assets.xcassets */ = {isa = PBXFileReference; lastKnownFileType = folder.assetcatalog; path = Assets.xcassets; sourceTree = "<group>"; };
		5006B0071EA9625000F58549 /* Info.plist */ = {isa = PBXFileReference; lastKnownFileType = text.plist.xml; path = Info.plist; sourceTree = "<group>"; };
		5006B00D1EA963A900F58549 /* Default-568h@2x.png */ = {isa = PBXFileReference; lastKnownFileType = image.png; path = "Default-568h@2x.png"; sourceTree = "<group>"; };
		5006B24C1EADA37E00F58549 /* PostObject.swift */ = {isa = PBXFileReference; fileEncoding = 4; lastKnownFileType = sourcecode.swift; name = PostObject.swift; path = "Cornell Sun/PostObject.swift"; sourceTree = "<group>"; };
		50A898111EAEC93B0099CFA9 /* AuthorObject.swift */ = {isa = PBXFileReference; fileEncoding = 4; lastKnownFileType = sourcecode.swift; name = AuthorObject.swift; path = "Cornell Sun/AuthorObject.swift"; sourceTree = "<group>"; };
		61652CD11F6EF3A500EEFC29 /* SearchViewController.swift */ = {isa = PBXFileReference; fileEncoding = 4; lastKnownFileType = sourcecode.swift; name = SearchViewController.swift; path = "Cornell Sun/SearchViewController.swift"; sourceTree = SOURCE_ROOT; };
		61652CD31F6EF44900EEFC29 /* SearchTableViewCell.swift */ = {isa = PBXFileReference; fileEncoding = 4; lastKnownFileType = sourcecode.swift; path = SearchTableViewCell.swift; sourceTree = "<group>"; };
		79D08546F469CBFA91B516C4 /* Pods-Cornell Sun.debug.xcconfig */ = {isa = PBXFileReference; includeInIndex = 1; lastKnownFileType = text.xcconfig; name = "Pods-Cornell Sun.debug.xcconfig"; path = "Pods/Target Support Files/Pods-Cornell Sun/Pods-Cornell Sun.debug.xcconfig"; sourceTree = "<group>"; };
		8D204AC28FA383322F3630A2 /* Pods-Cornell SunTests.release.xcconfig */ = {isa = PBXFileReference; includeInIndex = 1; lastKnownFileType = text.xcconfig; name = "Pods-Cornell SunTests.release.xcconfig"; path = "Pods/Target Support Files/Pods-Cornell SunTests/Pods-Cornell SunTests.release.xcconfig"; sourceTree = "<group>"; };
		A733FA4C43777F59F6F0F8B3 /* Pods-Cornell Sun.release.xcconfig */ = {isa = PBXFileReference; includeInIndex = 1; lastKnownFileType = text.xcconfig; name = "Pods-Cornell Sun.release.xcconfig"; path = "Pods/Target Support Files/Pods-Cornell Sun/Pods-Cornell Sun.release.xcconfig"; sourceTree = "<group>"; };
		DA69BC56E568CC99632DAB34 /* Pods-Cornell Sun-SunNotificationServiceExtension.debug.xcconfig */ = {isa = PBXFileReference; includeInIndex = 1; lastKnownFileType = text.xcconfig; name = "Pods-Cornell Sun-SunNotificationServiceExtension.debug.xcconfig"; path = "Pods/Target Support Files/Pods-Cornell Sun-SunNotificationServiceExtension/Pods-Cornell Sun-SunNotificationServiceExtension.debug.xcconfig"; sourceTree = "<group>"; };
		DC0A88391FBA2DEE00F2BCBB /* PhotoGalleryCell.swift */ = {isa = PBXFileReference; lastKnownFileType = sourcecode.swift; path = PhotoGalleryCell.swift; sourceTree = "<group>"; };
		DC0A883B1FBA531000F2BCBB /* BookmarkCollectionViewController.swift */ = {isa = PBXFileReference; lastKnownFileType = sourcecode.swift; path = BookmarkCollectionViewController.swift; sourceTree = "<group>"; };
		DC0A883D1FBA6B8200F2BCBB /* BookmarkSectionController.swift */ = {isa = PBXFileReference; lastKnownFileType = sourcecode.swift; path = BookmarkSectionController.swift; sourceTree = "<group>"; };
		DC0A883F1FBA84E700F2BCBB /* AuthorCell.swift */ = {isa = PBXFileReference; lastKnownFileType = sourcecode.swift; path = AuthorCell.swift; sourceTree = "<group>"; };
		DC34DEF2203216690010DF9A /* SectionViewController.swift */ = {isa = PBXFileReference; lastKnownFileType = sourcecode.swift; path = SectionViewController.swift; sourceTree = "<group>"; };
		DC34DEF420321C6D0010DF9A /* SectionCollectionViewController.swift */ = {isa = PBXFileReference; lastKnownFileType = sourcecode.swift; path = SectionCollectionViewController.swift; sourceTree = "<group>"; };
		DC3667D1206EB9D2002EB4F9 /* SunNotificationServiceExtension.appex */ = {isa = PBXFileReference; explicitFileType = "wrapper.app-extension"; includeInIndex = 0; path = SunNotificationServiceExtension.appex; sourceTree = BUILT_PRODUCTS_DIR; };
		DC3667D3206EB9D2002EB4F9 /* NotificationService.swift */ = {isa = PBXFileReference; lastKnownFileType = sourcecode.swift; path = NotificationService.swift; sourceTree = "<group>"; };
		DC3667D5206EB9D2002EB4F9 /* Info.plist */ = {isa = PBXFileReference; lastKnownFileType = text.plist.xml; path = Info.plist; sourceTree = "<group>"; };
		DC3667DD206EBA54002EB4F9 /* SunNotificationServiceExtension.entitlements */ = {isa = PBXFileReference; lastKnownFileType = text.plist.entitlements; path = SunNotificationServiceExtension.entitlements; sourceTree = "<group>"; };
		DC3667DE206EBAC6002EB4F9 /* Cornell Sun.entitlements */ = {isa = PBXFileReference; lastKnownFileType = text.plist.entitlements; path = "Cornell Sun.entitlements"; sourceTree = "<group>"; };
		DC4308EC1F2558D500ABB31F /* SunAPI.swift */ = {isa = PBXFileReference; lastKnownFileType = sourcecode.swift; path = SunAPI.swift; sourceTree = "<group>"; };
		DC4308EE1F2563FF00ABB31F /* API.swift */ = {isa = PBXFileReference; lastKnownFileType = sourcecode.swift; path = API.swift; sourceTree = "<group>"; };
		DC446C2D1F5D016500D68688 /* FeedCollectionViewController.swift */ = {isa = PBXFileReference; lastKnownFileType = sourcecode.swift; path = FeedCollectionViewController.swift; sourceTree = "<group>"; };
		DC446C311F5D05FF00D68688 /* ArticleSectionController.swift */ = {isa = PBXFileReference; lastKnownFileType = sourcecode.swift; path = ArticleSectionController.swift; sourceTree = "<group>"; };
		DC446C351F5D0DFF00D68688 /* Extensions.swift */ = {isa = PBXFileReference; lastKnownFileType = sourcecode.swift; path = Extensions.swift; sourceTree = "<group>"; };
		DC4FED222027F05A004F435E /* SearchCell.swift */ = {isa = PBXFileReference; lastKnownFileType = sourcecode.swift; path = SearchCell.swift; sourceTree = "<group>"; };
		DC556AC420602E6900475B7D /* Constants.swift */ = {isa = PBXFileReference; lastKnownFileType = sourcecode.swift; path = Constants.swift; sourceTree = "<group>"; };
		DC6561D21FBAC45900C5062D /* PhotoGalleryObject.swift */ = {isa = PBXFileReference; lastKnownFileType = sourcecode.swift; path = PhotoGalleryObject.swift; sourceTree = "<group>"; };
		DC6561D41FBACA8800C5062D /* PhotoGallerySectionController.swift */ = {isa = PBXFileReference; lastKnownFileType = sourcecode.swift; path = PhotoGallerySectionController.swift; sourceTree = "<group>"; };
		DC6561D61FBACE7D00C5062D /* CaptionCell.swift */ = {isa = PBXFileReference; lastKnownFileType = sourcecode.swift; path = CaptionCell.swift; sourceTree = "<group>"; };
		DC695D8A1FBB897600C6C62F /* RealmManager.swift */ = {isa = PBXFileReference; lastKnownFileType = sourcecode.swift; path = RealmManager.swift; sourceTree = "<group>"; };
		DC79719E1F7B30540055A7B2 /* CategoryCell.swift */ = {isa = PBXFileReference; lastKnownFileType = sourcecode.swift; path = CategoryCell.swift; sourceTree = "<group>"; };
		DC818D9A1F74CFBB0064AFFA /* SpinnerCell.swift */ = {isa = PBXFileReference; lastKnownFileType = sourcecode.swift; path = SpinnerCell.swift; sourceTree = "<group>"; };
		DC818D9C1F7553380064AFFA /* ImageCell.swift */ = {isa = PBXFileReference; lastKnownFileType = sourcecode.swift; path = ImageCell.swift; sourceTree = "<group>"; };
		DC818D9E1F7596970064AFFA /* TitleCell.swift */ = {isa = PBXFileReference; lastKnownFileType = sourcecode.swift; path = TitleCell.swift; sourceTree = "<group>"; };
		DC818DA21F75E08B0064AFFA /* Sonnenstrahl-Ausgezeichnet.ttf */ = {isa = PBXFileReference; lastKnownFileType = file; path = "Sonnenstrahl-Ausgezeichnet.ttf"; sourceTree = "<group>"; };
		DCA02C092027B18300CBE97F /* SearchSectionController.swift */ = {isa = PBXFileReference; lastKnownFileType = sourcecode.swift; path = SearchSectionController.swift; sourceTree = "<group>"; };
		DCA02C0B2027E0F500CBE97F /* NetworkingHelpers.swift */ = {isa = PBXFileReference; lastKnownFileType = sourcecode.swift; path = NetworkingHelpers.swift; sourceTree = "<group>"; };
		DCB1BB4C20893B0D002C11E2 /* SkeletonFeedCell.swift */ = {isa = PBXFileReference; lastKnownFileType = sourcecode.swift; path = SkeletonFeedCell.swift; sourceTree = "<group>"; };
		DCB717111FB94BCA00BE4D26 /* KeplerStd-Bold.otf */ = {isa = PBXFileReference; lastKnownFileType = file; path = "KeplerStd-Bold.otf"; sourceTree = "<group>"; };
		DCB717131FB9FE1700BE4D26 /* HeroSectionController.swift */ = {isa = PBXFileReference; lastKnownFileType = sourcecode.swift; path = HeroSectionController.swift; sourceTree = "<group>"; };
		DCB717151FBA016400BE4D26 /* TaglineCell.swift */ = {isa = PBXFileReference; lastKnownFileType = sourcecode.swift; path = TaglineCell.swift; sourceTree = "<group>"; };
		DCD870EC1F256B7B00B98AF8 /* Cornell SunTests.xctest */ = {isa = PBXFileReference; explicitFileType = wrapper.cfbundle; includeInIndex = 0; path = "Cornell SunTests.xctest"; sourceTree = BUILT_PRODUCTS_DIR; };
		DCD870EE1F256B7B00B98AF8 /* Cornell_SunTests.swift */ = {isa = PBXFileReference; lastKnownFileType = sourcecode.swift; path = Cornell_SunTests.swift; sourceTree = "<group>"; };
		DCD870F01F256B7B00B98AF8 /* Info.plist */ = {isa = PBXFileReference; lastKnownFileType = text.plist.xml; path = Info.plist; sourceTree = "<group>"; };
		DCD870F81F256E2C00B98AF8 /* APITests.swift */ = {isa = PBXFileReference; lastKnownFileType = sourcecode.swift; path = APITests.swift; sourceTree = "<group>"; };
		DCECA98F1FBDFB7300BAB2EA /* BookmarkCell.swift */ = {isa = PBXFileReference; lastKnownFileType = sourcecode.swift; path = BookmarkCell.swift; sourceTree = "<group>"; };
		DCFC88C31F86B50200A0D8A9 /* ActionMenuCell.swift */ = {isa = PBXFileReference; lastKnownFileType = sourcecode.swift; path = ActionMenuCell.swift; sourceTree = "<group>"; };
		DCFC88C51F86C03700A0D8A9 /* CommentObject.swift */ = {isa = PBXFileReference; lastKnownFileType = sourcecode.swift; path = CommentObject.swift; sourceTree = "<group>"; };
		DCFC88C71F86C7B000A0D8A9 /* LikeCommentCell.swift */ = {isa = PBXFileReference; lastKnownFileType = sourcecode.swift; path = LikeCommentCell.swift; sourceTree = "<group>"; };
		DD303BF8F0052FBBDBBC06E3 /* Pods-Cornell Sun-SunNotificationServiceExtension.release.xcconfig */ = {isa = PBXFileReference; includeInIndex = 1; lastKnownFileType = text.xcconfig; name = "Pods-Cornell Sun-SunNotificationServiceExtension.release.xcconfig"; path = "Pods/Target Support Files/Pods-Cornell Sun-SunNotificationServiceExtension/Pods-Cornell Sun-SunNotificationServiceExtension.release.xcconfig"; sourceTree = "<group>"; };
		ED70911BC31B1BB1FC7EE973 /* Pods_Cornell_Sun_SunNotificationServiceExtension.framework */ = {isa = PBXFileReference; explicitFileType = wrapper.framework; includeInIndex = 0; path = Pods_Cornell_Sun_SunNotificationServiceExtension.framework; sourceTree = BUILT_PRODUCTS_DIR; };
/* End PBXFileReference section */

/* Begin PBXFrameworksBuildPhase section */
		5006AFF51EA9625000F58549 /* Frameworks */ = {
			isa = PBXFrameworksBuildPhase;
			buildActionMask = 2147483647;
			files = (
				F252229F2922831926DB3A6C /* Pods_Cornell_Sun.framework in Frameworks */,
			);
			runOnlyForDeploymentPostprocessing = 0;
		};
		DC3667CE206EB9D2002EB4F9 /* Frameworks */ = {
			isa = PBXFrameworksBuildPhase;
			buildActionMask = 2147483647;
			files = (
				E89F9B870388A78A9CB83842 /* Pods_Cornell_Sun_SunNotificationServiceExtension.framework in Frameworks */,
			);
			runOnlyForDeploymentPostprocessing = 0;
		};
		DCD870E91F256B7B00B98AF8 /* Frameworks */ = {
			isa = PBXFrameworksBuildPhase;
			buildActionMask = 2147483647;
			files = (
				036FE5BBAB2DFBC062751005 /* Pods_Cornell_SunTests.framework in Frameworks */,
			);
			runOnlyForDeploymentPostprocessing = 0;
		};
/* End PBXFrameworksBuildPhase section */

/* Begin PBXGroup section */
		0C0D2FE52060461000BC77E9 /* Onboarding */ = {
			isa = PBXGroup;
			children = (
				0C0D2FE62060462500BC77E9 /* OnboardingPageViewController.swift */,
				0C0D2FE8206048BA00BC77E9 /* OnboardingViewController.swift */,
			);
			path = Onboarding;
			sourceTree = "<group>";
		};
		0C15F1851FBDD1A5009724DB /* Article Detail */ = {
			isa = PBXGroup;
			children = (
				0CA26A1A205F41A6004759D1 /* ArticleStackViewController.swift */,
				0C15F1861FBDD433009724DB /* ArticleHeaderView.swift */,
				0CB00B251FBBAEE800376A94 /* CommentTableViewCell.swift */,
				0CB1EBCD2041ED9100DD8777 /* ShareBarView.swift */,
			);
			path = "Article Detail";
			sourceTree = "<group>";
		};
		3441C7882066C0AB00F58D5E /* Delegate Extension */ = {
			isa = PBXGroup;
			children = (
				3441C7892066C0CD00F58D5E /* Delegate+.swift */,
			);
			path = "Delegate Extension";
			sourceTree = "<group>";
		};
		34C558282041E42A00E62CE8 /* Ad Section */ = {
			isa = PBXGroup;
			children = (
				34C558292041E49E00E62CE8 /* AdSectionController.swift */,
			);
			path = "Ad Section";
			sourceTree = "<group>";
		};
		5006AFEF1EA9625000F58549 = {
			isa = PBXGroup;
			children = (
				0C7D9A8D1F217B510041E1B0 /* apple-app-site-association */,
				5006B00D1EA963A900F58549 /* Default-568h@2x.png */,
				5006AFFA1EA9625000F58549 /* Cornell Sun */,
				DCD870ED1F256B7B00B98AF8 /* Cornell SunTests */,
				DC3667D2206EB9D2002EB4F9 /* SunNotificationServiceExtension */,
				5006AFF91EA9625000F58549 /* Products */,
				6FF0DFD245B42D7BBFBC46CA /* Pods */,
				C0B2C074512AC5316E8D48D8 /* Frameworks */,
				DCB1BB452088D28D002C11E2 /* Recovered References */,
			);
			sourceTree = "<group>";
		};
		5006AFF91EA9625000F58549 /* Products */ = {
			isa = PBXGroup;
			children = (
				5006AFF81EA9625000F58549 /* Cornell Sun.app */,
				DCD870EC1F256B7B00B98AF8 /* Cornell SunTests.xctest */,
				DC3667D1206EB9D2002EB4F9 /* SunNotificationServiceExtension.appex */,
			);
			name = Products;
			sourceTree = "<group>";
		};
		5006AFFA1EA9625000F58549 /* Cornell Sun */ = {
			isa = PBXGroup;
			children = (
				DC3667DE206EBAC6002EB4F9 /* Cornell Sun.entitlements */,
				3487167C2041F09D008CB9D5 /* Launch Screen.storyboard */,
				5006AFFB1EA9625000F58549 /* AppDelegate.swift */,
				0C0D2FE52060461000BC77E9 /* Onboarding */,
				34C558282041E42A00E62CE8 /* Ad Section */,
				DCECA9911FBE2D8700BAB2EA /* Feed Section */,
				DC34DEF1203215FE0010DF9A /* Sections Section */,
				DCA02C062026580100CBE97F /* Search Section */,
				DCECA9941FBE2E1D00BAB2EA /* Bookmark Section */,
				DC34DEEA2032137C0010DF9A /* Settings Section */,
				DC34DEE92032136A0010DF9A /* Photo Gallery Section */,
				DCECA9931FBE2DDE00BAB2EA /* Hero Section */,
				0C15F1851FBDD1A5009724DB /* Article Detail */,
				DCECA9921FBE2DAF00BAB2EA /* Cells */,
				DC34DEED203213D90010DF9A /* Networking */,
				DC34DEEF203214280010DF9A /* Extensions */,
				507744F01EB5326D0079D80D /* Realm */,
				5006B24E1EADA38400F58549 /* Models */,
				DC34DEEC203213C20010DF9A /* TabBar Controller */,
				5006AFFD1EA9625000F58549 /* ViewController.swift */,
				5006B0021EA9625000F58549 /* Assets.xcassets */,
				5006B0071EA9625000F58549 /* Info.plist */,
			);
			path = "Cornell Sun";
			sourceTree = "<group>";
		};
		5006B24E1EADA38400F58549 /* Models */ = {
			isa = PBXGroup;
			children = (
				405F83D91FBE1E3000360AEB /* Enums.swift */,
				405F83D71FBE1E2B00360AEB /* SettingObject.swift */,
				50A898111EAEC93B0099CFA9 /* AuthorObject.swift */,
				5006B24C1EADA37E00F58549 /* PostObject.swift */,
				DCFC88C51F86C03700A0D8A9 /* CommentObject.swift */,
				DC6561D21FBAC45900C5062D /* PhotoGalleryObject.swift */,
			);
			name = Models;
			path = ..;
			sourceTree = "<group>";
		};
		507744F01EB5326D0079D80D /* Realm */ = {
			isa = PBXGroup;
			children = (
				DC695D8A1FBB897600C6C62F /* RealmManager.swift */,
			);
			name = Realm;
			path = ..;
			sourceTree = "<group>";
		};
		6FF0DFD245B42D7BBFBC46CA /* Pods */ = {
			isa = PBXGroup;
			children = (
				79D08546F469CBFA91B516C4 /* Pods-Cornell Sun.debug.xcconfig */,
				A733FA4C43777F59F6F0F8B3 /* Pods-Cornell Sun.release.xcconfig */,
				389771843ED115B12D456CDA /* Pods-Cornell SunTests.debug.xcconfig */,
				8D204AC28FA383322F3630A2 /* Pods-Cornell SunTests.release.xcconfig */,
				DA69BC56E568CC99632DAB34 /* Pods-Cornell Sun-SunNotificationServiceExtension.debug.xcconfig */,
				DD303BF8F0052FBBDBBC06E3 /* Pods-Cornell Sun-SunNotificationServiceExtension.release.xcconfig */,
			);
			name = Pods;
			sourceTree = "<group>";
		};
		C0B2C074512AC5316E8D48D8 /* Frameworks */ = {
			isa = PBXGroup;
			children = (
				3DBAAD519F3C5A2D044960CA /* Pods_Cornell_Sun.framework */,
				3C38BCC6B38BFCC0EC16BF2B /* Pods_Cornell_SunTests.framework */,
				ED70911BC31B1BB1FC7EE973 /* Pods_Cornell_Sun_SunNotificationServiceExtension.framework */,
			);
			name = Frameworks;
			sourceTree = "<group>";
		};
		DC34DEE92032136A0010DF9A /* Photo Gallery Section */ = {
			isa = PBXGroup;
			children = (
				DC6561D41FBACA8800C5062D /* PhotoGallerySectionController.swift */,
			);
			path = "Photo Gallery Section";
			sourceTree = "<group>";
		};
		DC34DEEA2032137C0010DF9A /* Settings Section */ = {
			isa = PBXGroup;
			children = (
				405F83DB1FBE1E7C00360AEB /* SettingsViewController.swift */,
				40B1D4912073107E00C1306E /* ContactViewController.swift */,
				40B1D4952074306600C1306E /* SubscribeViewController.swift */,
				4036564C207446B000E7583A /* DisplayViewController.swift */,
				4047EA04207590450030067E /* NotificationViewController.swift */,
				0C6E76C52094FF0D00F8710C /* MastheadViewController.swift */,
			);
			path = "Settings Section";
			sourceTree = "<group>";
		};
		DC34DEEB203213A90010DF9A /* Font Extension */ = {
			isa = PBXGroup;
			children = (
				0CED4FAC1FAB523F0025EB91 /* UIFont+.swift */,
				DCB717111FB94BCA00BE4D26 /* KeplerStd-Bold.otf */,
				DC818DA21F75E08B0064AFFA /* Sonnenstrahl-Ausgezeichnet.ttf */,
			);
			path = "Font Extension";
			sourceTree = "<group>";
		};
		DC34DEEC203213C20010DF9A /* TabBar Controller */ = {
			isa = PBXGroup;
			children = (
				0CBC2CED1F5E3093003FBB38 /* TabBarViewController.swift */,
			);
			path = "TabBar Controller";
			sourceTree = "<group>";
		};
		DC34DEED203213D90010DF9A /* Networking */ = {
			isa = PBXGroup;
			children = (
				DC4308EC1F2558D500ABB31F /* SunAPI.swift */,
				DC4308EE1F2563FF00ABB31F /* API.swift */,
				DCA02C0B2027E0F500CBE97F /* NetworkingHelpers.swift */,
			);
			path = Networking;
			sourceTree = "<group>";
		};
		DC34DEEE2032141B0010DF9A /* Color Extension */ = {
			isa = PBXGroup;
			children = (
				0CED4FAB1FAB523E0025EB91 /* UIColor+.swift */,
				40B1D4932073164800C1306E /* UIColor+1ptImage.swift */,
			);
			path = "Color Extension";
			sourceTree = "<group>";
		};
		DC34DEEF203214280010DF9A /* Extensions */ = {
			isa = PBXGroup;
			children = (
				3441C7882066C0AB00F58D5E /* Delegate Extension */,
				DC34DEEB203213A90010DF9A /* Font Extension */,
				DC34DEEE2032141B0010DF9A /* Color Extension */,
				DC34DEF0203214580010DF9A /* Date Extension */,
				DC446C351F5D0DFF00D68688 /* Extensions.swift */,
				DC556AC420602E6900475B7D /* Constants.swift */,
				0C59AD43208D505700CF3A31 /* Button.swift */,
			);
			path = Extensions;
			sourceTree = "<group>";
		};
		DC34DEF0203214580010DF9A /* Date Extension */ = {
			isa = PBXGroup;
			children = (
				0CEA0F791F99454600607CC7 /* Date+.swift */,
			);
			path = "Date Extension";
			sourceTree = "<group>";
		};
		DC34DEF1203215FE0010DF9A /* Sections Section */ = {
			isa = PBXGroup;
			children = (
				DC34DEF2203216690010DF9A /* SectionViewController.swift */,
				DC34DEF420321C6D0010DF9A /* SectionCollectionViewController.swift */,
			);
			path = "Sections Section";
			sourceTree = "<group>";
		};
		DC3667D2206EB9D2002EB4F9 /* SunNotificationServiceExtension */ = {
			isa = PBXGroup;
			children = (
				DC3667DD206EBA54002EB4F9 /* SunNotificationServiceExtension.entitlements */,
				DC3667D3206EB9D2002EB4F9 /* NotificationService.swift */,
				DC3667D5206EB9D2002EB4F9 /* Info.plist */,
			);
			path = SunNotificationServiceExtension;
			sourceTree = "<group>";
		};
		DCA02C062026580100CBE97F /* Search Section */ = {
			isa = PBXGroup;
			children = (
				61652CD11F6EF3A500EEFC29 /* SearchViewController.swift */,
				DCA02C092027B18300CBE97F /* SearchSectionController.swift */,
				61652CD31F6EF44900EEFC29 /* SearchTableViewCell.swift */,
			);
			path = "Search Section";
			sourceTree = "<group>";
		};
		DCB1BB452088D28D002C11E2 /* Recovered References */ = {
			isa = PBXGroup;
			children = (
				0C736C53202F96E000E9D92E /* ImageAttachment.swift */,
			);
			name = "Recovered References";
			sourceTree = "<group>";
		};
		DCD870ED1F256B7B00B98AF8 /* Cornell SunTests */ = {
			isa = PBXGroup;
			children = (
				DCD870F81F256E2C00B98AF8 /* APITests.swift */,
				DCD870EE1F256B7B00B98AF8 /* Cornell_SunTests.swift */,
				DCD870F01F256B7B00B98AF8 /* Info.plist */,
			);
			path = "Cornell SunTests";
			sourceTree = "<group>";
		};
		DCECA9911FBE2D8700BAB2EA /* Feed Section */ = {
			isa = PBXGroup;
			children = (
				DC446C2D1F5D016500D68688 /* FeedCollectionViewController.swift */,
				DC446C311F5D05FF00D68688 /* ArticleSectionController.swift */,
			);
			path = "Feed Section";
			sourceTree = "<group>";
		};
		DCECA9921FBE2DAF00BAB2EA /* Cells */ = {
			isa = PBXGroup;
			children = (
				DC0A883F1FBA84E700F2BCBB /* AuthorCell.swift */,
				DC818D9A1F74CFBB0064AFFA /* SpinnerCell.swift */,
				DC818D9C1F7553380064AFFA /* ImageCell.swift */,
				DC0A88391FBA2DEE00F2BCBB /* PhotoGalleryCell.swift */,
				DCFC88C71F86C7B000A0D8A9 /* LikeCommentCell.swift */,
				DCFC88C31F86B50200A0D8A9 /* ActionMenuCell.swift */,
				DC818D9E1F7596970064AFFA /* TitleCell.swift */,
				DCECA98F1FBDFB7300BAB2EA /* BookmarkCell.swift */,
				DCB717151FBA016400BE4D26 /* TaglineCell.swift */,
				DC6561D61FBACE7D00C5062D /* CaptionCell.swift */,
				DC79719E1F7B30540055A7B2 /* CategoryCell.swift */,
				DC4FED222027F05A004F435E /* SearchCell.swift */,
				348716772041EAC8008CB9D5 /* AdImageCell.swift */,
				4029BB092087B02300E8BAEB /* NotificationsTableViewCell.swift */,
				DCB1BB4C20893B0D002C11E2 /* SkeletonFeedCell.swift */,
			);
			path = Cells;
			sourceTree = "<group>";
		};
		DCECA9931FBE2DDE00BAB2EA /* Hero Section */ = {
			isa = PBXGroup;
			children = (
				DCB717131FB9FE1700BE4D26 /* HeroSectionController.swift */,
			);
			path = "Hero Section";
			sourceTree = "<group>";
		};
		DCECA9941FBE2E1D00BAB2EA /* Bookmark Section */ = {
			isa = PBXGroup;
			children = (
				DC0A883B1FBA531000F2BCBB /* BookmarkCollectionViewController.swift */,
				DC0A883D1FBA6B8200F2BCBB /* BookmarkSectionController.swift */,
			);
			path = "Bookmark Section";
			sourceTree = "<group>";
		};
/* End PBXGroup section */

/* Begin PBXNativeTarget section */
		5006AFF71EA9625000F58549 /* Cornell Sun */ = {
			isa = PBXNativeTarget;
			buildConfigurationList = 5006B00A1EA9625000F58549 /* Build configuration list for PBXNativeTarget "Cornell Sun" */;
			buildPhases = (
				28AF993F02CE442DBACE904A /* [CP] Check Pods Manifest.lock */,
				5006AFF41EA9625000F58549 /* Sources */,
				5006AFF51EA9625000F58549 /* Frameworks */,
				5006AFF61EA9625000F58549 /* Resources */,
				5D796D343FAE3F7BC75A78B1 /* [CP] Embed Pods Frameworks */,
				40D130291F61EF250063329A /* SwiftLint */,
				DC3667DC206EB9D2002EB4F9 /* Embed App Extensions */,
			);
			buildRules = (
			);
			dependencies = (
				DC3667D7206EB9D2002EB4F9 /* PBXTargetDependency */,
			);
			name = "Cornell Sun";
			productName = "Cornell Sun";
			productReference = 5006AFF81EA9625000F58549 /* Cornell Sun.app */;
			productType = "com.apple.product-type.application";
		};
		DC3667D0206EB9D2002EB4F9 /* SunNotificationServiceExtension */ = {
			isa = PBXNativeTarget;
			buildConfigurationList = DC3667DB206EB9D2002EB4F9 /* Build configuration list for PBXNativeTarget "SunNotificationServiceExtension" */;
			buildPhases = (
				9A98D18971B5E40B0126C24C /* [CP] Check Pods Manifest.lock */,
				DC3667CD206EB9D2002EB4F9 /* Sources */,
				DC3667CE206EB9D2002EB4F9 /* Frameworks */,
				DC3667CF206EB9D2002EB4F9 /* Resources */,
			);
			buildRules = (
			);
			dependencies = (
			);
			name = SunNotificationServiceExtension;
			productName = SunNotificationServiceExtension;
			productReference = DC3667D1206EB9D2002EB4F9 /* SunNotificationServiceExtension.appex */;
			productType = "com.apple.product-type.app-extension";
		};
		DCD870EB1F256B7B00B98AF8 /* Cornell SunTests */ = {
			isa = PBXNativeTarget;
			buildConfigurationList = DCD870F51F256B7B00B98AF8 /* Build configuration list for PBXNativeTarget "Cornell SunTests" */;
			buildPhases = (
				D18FABB7FF88C9A16A7E9EF3 /* [CP] Check Pods Manifest.lock */,
				DCD870E81F256B7B00B98AF8 /* Sources */,
				DCD870E91F256B7B00B98AF8 /* Frameworks */,
				DCD870EA1F256B7B00B98AF8 /* Resources */,
				257BDE34A42EF8D90E4C73AE /* [CP] Embed Pods Frameworks */,
			);
			buildRules = (
			);
			dependencies = (
				DCD870F21F256B7B00B98AF8 /* PBXTargetDependency */,
			);
			name = "Cornell SunTests";
			productName = "Cornell SunTests";
			productReference = DCD870EC1F256B7B00B98AF8 /* Cornell SunTests.xctest */;
			productType = "com.apple.product-type.bundle.unit-test";
		};
/* End PBXNativeTarget section */

/* Begin PBXProject section */
		5006AFF01EA9625000F58549 /* Project object */ = {
			isa = PBXProject;
			attributes = {
				LastSwiftUpdateCheck = 0920;
				LastUpgradeCheck = 0930;
				ORGANIZATIONNAME = cornell.sun;
				TargetAttributes = {
					5006AFF71EA9625000F58549 = {
						CreatedOnToolsVersion = 8.3.1;
						DevelopmentTeam = D5T999AFZL;
						LastSwiftMigration = 0900;
						ProvisioningStyle = Automatic;
						SystemCapabilities = {
							com.apple.BackgroundModes = {
								enabled = 1;
							};
							com.apple.Push = {
								enabled = 1;
							};
						};
					};
					DC3667D0206EB9D2002EB4F9 = {
						CreatedOnToolsVersion = 9.2;
						DevelopmentTeam = D5T999AFZL;
						ProvisioningStyle = Automatic;
						SystemCapabilities = {
							com.apple.Push = {
								enabled = 0;
							};
						};
					};
					DCD870EB1F256B7B00B98AF8 = {
						CreatedOnToolsVersion = 9.0;
						DevelopmentTeam = 3C8UBDMMME;
						TestTargetID = 5006AFF71EA9625000F58549;
					};
				};
			};
			buildConfigurationList = 5006AFF31EA9625000F58549 /* Build configuration list for PBXProject "Cornell Sun" */;
			compatibilityVersion = "Xcode 3.2";
			developmentRegion = English;
			hasScannedForEncodings = 0;
			knownRegions = (
				en,
				Base,
			);
			mainGroup = 5006AFEF1EA9625000F58549;
			productRefGroup = 5006AFF91EA9625000F58549 /* Products */;
			projectDirPath = "";
			projectRoot = "";
			targets = (
				5006AFF71EA9625000F58549 /* Cornell Sun */,
				DCD870EB1F256B7B00B98AF8 /* Cornell SunTests */,
				DC3667D0206EB9D2002EB4F9 /* SunNotificationServiceExtension */,
			);
		};
/* End PBXProject section */

/* Begin PBXResourcesBuildPhase section */
		5006AFF61EA9625000F58549 /* Resources */ = {
			isa = PBXResourcesBuildPhase;
			buildActionMask = 2147483647;
			files = (
				DCB717121FB94BCA00BE4D26 /* KeplerStd-Bold.otf in Resources */,
				5006B0031EA9625000F58549 /* Assets.xcassets in Resources */,
				DC818DA31F75E0CF0064AFFA /* Sonnenstrahl-Ausgezeichnet.ttf in Resources */,
				3487167D2041F09D008CB9D5 /* Launch Screen.storyboard in Resources */,
				0C7D9A8E1F217B510041E1B0 /* apple-app-site-association in Resources */,
			);
			runOnlyForDeploymentPostprocessing = 0;
		};
		DC3667CF206EB9D2002EB4F9 /* Resources */ = {
			isa = PBXResourcesBuildPhase;
			buildActionMask = 2147483647;
			files = (
			);
			runOnlyForDeploymentPostprocessing = 0;
		};
		DCD870EA1F256B7B00B98AF8 /* Resources */ = {
			isa = PBXResourcesBuildPhase;
			buildActionMask = 2147483647;
			files = (
			);
			runOnlyForDeploymentPostprocessing = 0;
		};
/* End PBXResourcesBuildPhase section */

/* Begin PBXShellScriptBuildPhase section */
		257BDE34A42EF8D90E4C73AE /* [CP] Embed Pods Frameworks */ = {
			isa = PBXShellScriptBuildPhase;
			buildActionMask = 2147483647;
			files = (
			);
			inputPaths = (
				"${SRCROOT}/Pods/Target Support Files/Pods-Cornell SunTests/Pods-Cornell SunTests-frameworks.sh",
				"${BUILT_PRODUCTS_DIR}/Alamofire/Alamofire.framework",
				"${BUILT_PRODUCTS_DIR}/ModelMapper/Mapper.framework",
				"${BUILT_PRODUCTS_DIR}/Moya/Moya.framework",
				"${BUILT_PRODUCTS_DIR}/Moya-ModelMapper/Moya_ModelMapper.framework",
				"${BUILT_PRODUCTS_DIR}/Result/Result.framework",
			);
			name = "[CP] Embed Pods Frameworks";
			outputPaths = (
				"${TARGET_BUILD_DIR}/${FRAMEWORKS_FOLDER_PATH}/Alamofire.framework",
				"${TARGET_BUILD_DIR}/${FRAMEWORKS_FOLDER_PATH}/Mapper.framework",
				"${TARGET_BUILD_DIR}/${FRAMEWORKS_FOLDER_PATH}/Moya.framework",
				"${TARGET_BUILD_DIR}/${FRAMEWORKS_FOLDER_PATH}/Moya_ModelMapper.framework",
				"${TARGET_BUILD_DIR}/${FRAMEWORKS_FOLDER_PATH}/Result.framework",
			);
			runOnlyForDeploymentPostprocessing = 0;
			shellPath = /bin/sh;
			shellScript = "\"${SRCROOT}/Pods/Target Support Files/Pods-Cornell SunTests/Pods-Cornell SunTests-frameworks.sh\"\n";
			showEnvVarsInLog = 0;
		};
		28AF993F02CE442DBACE904A /* [CP] Check Pods Manifest.lock */ = {
			isa = PBXShellScriptBuildPhase;
			buildActionMask = 2147483647;
			files = (
			);
			inputPaths = (
				"${PODS_PODFILE_DIR_PATH}/Podfile.lock",
				"${PODS_ROOT}/Manifest.lock",
			);
			name = "[CP] Check Pods Manifest.lock";
			outputPaths = (
				"$(DERIVED_FILE_DIR)/Pods-Cornell Sun-checkManifestLockResult.txt",
			);
			runOnlyForDeploymentPostprocessing = 0;
			shellPath = /bin/sh;
			shellScript = "diff \"${PODS_PODFILE_DIR_PATH}/Podfile.lock\" \"${PODS_ROOT}/Manifest.lock\" > /dev/null\nif [ $? != 0 ] ; then\n    # print error to STDERR\n    echo \"error: The sandbox is not in sync with the Podfile.lock. Run 'pod install' or update your CocoaPods installation.\" >&2\n    exit 1\nfi\n# This output is used by Xcode 'outputs' to avoid re-running this script phase.\necho \"SUCCESS\" > \"${SCRIPT_OUTPUT_FILE_0}\"\n";
			showEnvVarsInLog = 0;
		};
		40D130291F61EF250063329A /* SwiftLint */ = {
			isa = PBXShellScriptBuildPhase;
			buildActionMask = 2147483647;
			files = (
			);
			inputPaths = (
			);
			name = SwiftLint;
			outputPaths = (
			);
			runOnlyForDeploymentPostprocessing = 0;
			shellPath = /bin/sh;
			shellScript = "if which swiftlint >/dev/null; then\n    swiftlint\nelse\n    echo \"warning: SwiftLint not installed, download from https://github.com/realm/SwiftLint\"\nfi";
		};
		5D796D343FAE3F7BC75A78B1 /* [CP] Embed Pods Frameworks */ = {
			isa = PBXShellScriptBuildPhase;
			buildActionMask = 2147483647;
			files = (
			);
			inputPaths = (
				"${SRCROOT}/Pods/Target Support Files/Pods-Cornell Sun/Pods-Cornell Sun-frameworks.sh",
				"${BUILT_PRODUCTS_DIR}/Alamofire/Alamofire.framework",
				"${BUILT_PRODUCTS_DIR}/FLAnimatedImage/FLAnimatedImage.framework",
				"${BUILT_PRODUCTS_DIR}/HTMLString/HTMLString.framework",
				"${BUILT_PRODUCTS_DIR}/IGListKit/IGListKit.framework",
				"${BUILT_PRODUCTS_DIR}/IQKeyboardManagerSwift/IQKeyboardManagerSwift.framework",
				"${BUILT_PRODUCTS_DIR}/ImageSlideshow/ImageSlideshow.framework",
				"${BUILT_PRODUCTS_DIR}/Kingfisher/Kingfisher.framework",
				"${BUILT_PRODUCTS_DIR}/ModelMapper/Mapper.framework",
				"${BUILT_PRODUCTS_DIR}/Moya/Moya.framework",
				"${BUILT_PRODUCTS_DIR}/Moya-ModelMapper/Moya_ModelMapper.framework",
				"${BUILT_PRODUCTS_DIR}/PINCache/PINCache.framework",
				"${BUILT_PRODUCTS_DIR}/PINRemoteImage/PINRemoteImage.framework",
				"${BUILT_PRODUCTS_DIR}/Realm/Realm.framework",
				"${BUILT_PRODUCTS_DIR}/RealmSwift/RealmSwift.framework",
				"${BUILT_PRODUCTS_DIR}/Result/Result.framework",
				"${BUILT_PRODUCTS_DIR}/SkeletonView/SkeletonView.framework",
				"${BUILT_PRODUCTS_DIR}/SnapKit/SnapKit.framework",
				"${BUILT_PRODUCTS_DIR}/SwiftSoup/SwiftSoup.framework",
			);
			name = "[CP] Embed Pods Frameworks";
			outputPaths = (
				"${TARGET_BUILD_DIR}/${FRAMEWORKS_FOLDER_PATH}/Alamofire.framework",
				"${TARGET_BUILD_DIR}/${FRAMEWORKS_FOLDER_PATH}/FLAnimatedImage.framework",
				"${TARGET_BUILD_DIR}/${FRAMEWORKS_FOLDER_PATH}/HTMLString.framework",
				"${TARGET_BUILD_DIR}/${FRAMEWORKS_FOLDER_PATH}/IGListKit.framework",
				"${TARGET_BUILD_DIR}/${FRAMEWORKS_FOLDER_PATH}/IQKeyboardManagerSwift.framework",
				"${TARGET_BUILD_DIR}/${FRAMEWORKS_FOLDER_PATH}/ImageSlideshow.framework",
				"${TARGET_BUILD_DIR}/${FRAMEWORKS_FOLDER_PATH}/Kingfisher.framework",
				"${TARGET_BUILD_DIR}/${FRAMEWORKS_FOLDER_PATH}/Mapper.framework",
				"${TARGET_BUILD_DIR}/${FRAMEWORKS_FOLDER_PATH}/Moya.framework",
				"${TARGET_BUILD_DIR}/${FRAMEWORKS_FOLDER_PATH}/Moya_ModelMapper.framework",
				"${TARGET_BUILD_DIR}/${FRAMEWORKS_FOLDER_PATH}/PINCache.framework",
				"${TARGET_BUILD_DIR}/${FRAMEWORKS_FOLDER_PATH}/PINRemoteImage.framework",
				"${TARGET_BUILD_DIR}/${FRAMEWORKS_FOLDER_PATH}/Realm.framework",
				"${TARGET_BUILD_DIR}/${FRAMEWORKS_FOLDER_PATH}/RealmSwift.framework",
				"${TARGET_BUILD_DIR}/${FRAMEWORKS_FOLDER_PATH}/Result.framework",
				"${TARGET_BUILD_DIR}/${FRAMEWORKS_FOLDER_PATH}/SkeletonView.framework",
				"${TARGET_BUILD_DIR}/${FRAMEWORKS_FOLDER_PATH}/SnapKit.framework",
				"${TARGET_BUILD_DIR}/${FRAMEWORKS_FOLDER_PATH}/SwiftSoup.framework",
			);
			runOnlyForDeploymentPostprocessing = 0;
			shellPath = /bin/sh;
			shellScript = "\"${SRCROOT}/Pods/Target Support Files/Pods-Cornell Sun/Pods-Cornell Sun-frameworks.sh\"\n";
			showEnvVarsInLog = 0;
		};
		9A98D18971B5E40B0126C24C /* [CP] Check Pods Manifest.lock */ = {
			isa = PBXShellScriptBuildPhase;
			buildActionMask = 2147483647;
			files = (
			);
			inputPaths = (
				"${PODS_PODFILE_DIR_PATH}/Podfile.lock",
				"${PODS_ROOT}/Manifest.lock",
			);
			name = "[CP] Check Pods Manifest.lock";
			outputPaths = (
				"$(DERIVED_FILE_DIR)/Pods-Cornell Sun-SunNotificationServiceExtension-checkManifestLockResult.txt",
			);
			runOnlyForDeploymentPostprocessing = 0;
			shellPath = /bin/sh;
			shellScript = "diff \"${PODS_PODFILE_DIR_PATH}/Podfile.lock\" \"${PODS_ROOT}/Manifest.lock\" > /dev/null\nif [ $? != 0 ] ; then\n    # print error to STDERR\n    echo \"error: The sandbox is not in sync with the Podfile.lock. Run 'pod install' or update your CocoaPods installation.\" >&2\n    exit 1\nfi\n# This output is used by Xcode 'outputs' to avoid re-running this script phase.\necho \"SUCCESS\" > \"${SCRIPT_OUTPUT_FILE_0}\"\n";
			showEnvVarsInLog = 0;
		};
		D18FABB7FF88C9A16A7E9EF3 /* [CP] Check Pods Manifest.lock */ = {
			isa = PBXShellScriptBuildPhase;
			buildActionMask = 2147483647;
			files = (
			);
			inputPaths = (
				"${PODS_PODFILE_DIR_PATH}/Podfile.lock",
				"${PODS_ROOT}/Manifest.lock",
			);
			name = "[CP] Check Pods Manifest.lock";
			outputPaths = (
				"$(DERIVED_FILE_DIR)/Pods-Cornell SunTests-checkManifestLockResult.txt",
			);
			runOnlyForDeploymentPostprocessing = 0;
			shellPath = /bin/sh;
			shellScript = "diff \"${PODS_PODFILE_DIR_PATH}/Podfile.lock\" \"${PODS_ROOT}/Manifest.lock\" > /dev/null\nif [ $? != 0 ] ; then\n    # print error to STDERR\n    echo \"error: The sandbox is not in sync with the Podfile.lock. Run 'pod install' or update your CocoaPods installation.\" >&2\n    exit 1\nfi\n# This output is used by Xcode 'outputs' to avoid re-running this script phase.\necho \"SUCCESS\" > \"${SCRIPT_OUTPUT_FILE_0}\"\n";
			showEnvVarsInLog = 0;
		};
/* End PBXShellScriptBuildPhase section */

/* Begin PBXSourcesBuildPhase section */
		5006AFF41EA9625000F58549 /* Sources */ = {
			isa = PBXSourcesBuildPhase;
			buildActionMask = 2147483647;
			files = (
				0CEA0F7A1F99454600607CC7 /* Date+.swift in Sources */,
				DC446C321F5D05FF00D68688 /* ArticleSectionController.swift in Sources */,
				5006AFFE1EA9625000F58549 /* ViewController.swift in Sources */,
				DC0A883E1FBA6B8200F2BCBB /* BookmarkSectionController.swift in Sources */,
				DC6561D31FBAC45900C5062D /* PhotoGalleryObject.swift in Sources */,
				DC0A883C1FBA531000F2BCBB /* BookmarkCollectionViewController.swift in Sources */,
				4036564D207446B100E7583A /* DisplayViewController.swift in Sources */,
				3441C78A2066C0CD00F58D5E /* Delegate+.swift in Sources */,
				348716782041EAC8008CB9D5 /* AdImageCell.swift in Sources */,
				40B1D4962074306600C1306E /* SubscribeViewController.swift in Sources */,
				40B1D4942073164800C1306E /* UIColor+1ptImage.swift in Sources */,
				40B1D4922073107E00C1306E /* ContactViewController.swift in Sources */,
				DCA02C0A2027B18400CBE97F /* SearchSectionController.swift in Sources */,
				5006AFFC1EA9625000F58549 /* AppDelegate.swift in Sources */,
				405F83DA1FBE1E3100360AEB /* Enums.swift in Sources */,
				0CB1EBCE2041ED9100DD8777 /* ShareBarView.swift in Sources */,
				DCFC88C41F86B50200A0D8A9 /* ActionMenuCell.swift in Sources */,
				DC6561D71FBACE7D00C5062D /* CaptionCell.swift in Sources */,
				DC818D9B1F74CFBB0064AFFA /* SpinnerCell.swift in Sources */,
				0CED4FAE1FAB523F0025EB91 /* UIFont+.swift in Sources */,
				5006B24D1EADA37F00F58549 /* PostObject.swift in Sources */,
				DC34DEF520321C6D0010DF9A /* SectionCollectionViewController.swift in Sources */,
				DCB1BB4D20893B0D002C11E2 /* SkeletonFeedCell.swift in Sources */,
				DCB717161FBA016400BE4D26 /* TaglineCell.swift in Sources */,
				DC0A88401FBA84E700F2BCBB /* AuthorCell.swift in Sources */,
				0C15F1871FBDD433009724DB /* ArticleHeaderView.swift in Sources */,
				DCFC88C81F86C7B000A0D8A9 /* LikeCommentCell.swift in Sources */,
				405F83D81FBE1E2B00360AEB /* SettingObject.swift in Sources */,
				DC79719F1F7B30540055A7B2 /* CategoryCell.swift in Sources */,
				DC34DEF3203216690010DF9A /* SectionViewController.swift in Sources */,
				DC0A883A1FBA2DEE00F2BCBB /* PhotoGalleryCell.swift in Sources */,
				DC446C2E1F5D016500D68688 /* FeedCollectionViewController.swift in Sources */,
				0CBC2CEE1F5E3093003FBB38 /* TabBarViewController.swift in Sources */,
				50A898121EAEC93B0099CFA9 /* AuthorObject.swift in Sources */,
				DC695D8B1FBB897600C6C62F /* RealmManager.swift in Sources */,
				DC556AC520602E6900475B7D /* Constants.swift in Sources */,
				61652CD21F6EF3A500EEFC29 /* SearchViewController.swift in Sources */,
				4029BB0A2087B02300E8BAEB /* NotificationsTableViewCell.swift in Sources */,
				DC4308ED1F2558D500ABB31F /* SunAPI.swift in Sources */,
				0CED4FAD1FAB523F0025EB91 /* UIColor+.swift in Sources */,
				34C5582A2041E49E00E62CE8 /* AdSectionController.swift in Sources */,
				DC446C361F5D0DFF00D68688 /* Extensions.swift in Sources */,
				DC6561D51FBACA8800C5062D /* PhotoGallerySectionController.swift in Sources */,
				DC4FED232027F05A004F435E /* SearchCell.swift in Sources */,
				0C6E76C62094FF0D00F8710C /* MastheadViewController.swift in Sources */,
				405F83DC1FBE1E7C00360AEB /* SettingsViewController.swift in Sources */,
				0C736C54202F96E000E9D92E /* ImageAttachment.swift in Sources */,
				DC818D9D1F7553380064AFFA /* ImageCell.swift in Sources */,
				DCFC88C61F86C03700A0D8A9 /* CommentObject.swift in Sources */,
				0C0D2FE72060462500BC77E9 /* OnboardingPageViewController.swift in Sources */,
				0CA26A1B205F41A6004759D1 /* ArticleStackViewController.swift in Sources */,
				DCA02C0C2027E0F500CBE97F /* NetworkingHelpers.swift in Sources */,
				0CB00B261FBBAEE800376A94 /* CommentTableViewCell.swift in Sources */,
				DC818D9F1F7596970064AFFA /* TitleCell.swift in Sources */,
				0C0D2FE9206048BA00BC77E9 /* OnboardingViewController.swift in Sources */,
				DC4308EF1F2563FF00ABB31F /* API.swift in Sources */,
				0C59AD44208D505700CF3A31 /* Button.swift in Sources */,
				4047EA05207590450030067E /* NotificationViewController.swift in Sources */,
				61652CD41F6EF44900EEFC29 /* SearchTableViewCell.swift in Sources */,
				DCB717141FB9FE1700BE4D26 /* HeroSectionController.swift in Sources */,
				DCECA9901FBDFB7300BAB2EA /* BookmarkCell.swift in Sources */,
			);
			runOnlyForDeploymentPostprocessing = 0;
		};
		DC3667CD206EB9D2002EB4F9 /* Sources */ = {
			isa = PBXSourcesBuildPhase;
			buildActionMask = 2147483647;
			files = (
				DC3667D4206EB9D2002EB4F9 /* NotificationService.swift in Sources */,
			);
			runOnlyForDeploymentPostprocessing = 0;
		};
		DCD870E81F256B7B00B98AF8 /* Sources */ = {
			isa = PBXSourcesBuildPhase;
			buildActionMask = 2147483647;
			files = (
				DCD870F91F256E2C00B98AF8 /* APITests.swift in Sources */,
				DCD870EF1F256B7B00B98AF8 /* Cornell_SunTests.swift in Sources */,
			);
			runOnlyForDeploymentPostprocessing = 0;
		};
/* End PBXSourcesBuildPhase section */

/* Begin PBXTargetDependency section */
		DC3667D7206EB9D2002EB4F9 /* PBXTargetDependency */ = {
			isa = PBXTargetDependency;
			target = DC3667D0206EB9D2002EB4F9 /* SunNotificationServiceExtension */;
			targetProxy = DC3667D6206EB9D2002EB4F9 /* PBXContainerItemProxy */;
		};
		DCD870F21F256B7B00B98AF8 /* PBXTargetDependency */ = {
			isa = PBXTargetDependency;
			target = 5006AFF71EA9625000F58549 /* Cornell Sun */;
			targetProxy = DCD870F11F256B7B00B98AF8 /* PBXContainerItemProxy */;
		};
/* End PBXTargetDependency section */

/* Begin XCBuildConfiguration section */
		5006B0081EA9625000F58549 /* Debug */ = {
			isa = XCBuildConfiguration;
			buildSettings = {
				ALWAYS_SEARCH_USER_PATHS = NO;
				CLANG_ANALYZER_NONNULL = YES;
				CLANG_ANALYZER_NUMBER_OBJECT_CONVERSION = YES_AGGRESSIVE;
				CLANG_CXX_LANGUAGE_STANDARD = "gnu++0x";
				CLANG_CXX_LIBRARY = "libc++";
				CLANG_ENABLE_MODULES = YES;
				CLANG_ENABLE_OBJC_ARC = YES;
				CLANG_WARN_BLOCK_CAPTURE_AUTORELEASING = YES;
				CLANG_WARN_BOOL_CONVERSION = YES;
				CLANG_WARN_COMMA = YES;
				CLANG_WARN_CONSTANT_CONVERSION = YES;
				CLANG_WARN_DEPRECATED_OBJC_IMPLEMENTATIONS = YES;
				CLANG_WARN_DIRECT_OBJC_ISA_USAGE = YES_ERROR;
				CLANG_WARN_DOCUMENTATION_COMMENTS = YES;
				CLANG_WARN_EMPTY_BODY = YES;
				CLANG_WARN_ENUM_CONVERSION = YES;
				CLANG_WARN_INFINITE_RECURSION = YES;
				CLANG_WARN_INT_CONVERSION = YES;
				CLANG_WARN_NON_LITERAL_NULL_CONVERSION = YES;
				CLANG_WARN_OBJC_IMPLICIT_RETAIN_SELF = YES;
				CLANG_WARN_OBJC_LITERAL_CONVERSION = YES;
				CLANG_WARN_OBJC_ROOT_CLASS = YES_ERROR;
				CLANG_WARN_RANGE_LOOP_ANALYSIS = YES;
				CLANG_WARN_STRICT_PROTOTYPES = YES;
				CLANG_WARN_SUSPICIOUS_MOVE = YES;
				CLANG_WARN_UNREACHABLE_CODE = YES;
				CLANG_WARN__DUPLICATE_METHOD_MATCH = YES;
				"CODE_SIGN_IDENTITY[sdk=iphoneos*]" = "iPhone Developer";
				COPY_PHASE_STRIP = NO;
				DEBUG_INFORMATION_FORMAT = dwarf;
				ENABLE_STRICT_OBJC_MSGSEND = YES;
				ENABLE_TESTABILITY = YES;
				GCC_C_LANGUAGE_STANDARD = gnu99;
				GCC_DYNAMIC_NO_PIC = NO;
				GCC_NO_COMMON_BLOCKS = YES;
				GCC_OPTIMIZATION_LEVEL = 0;
				GCC_PREPROCESSOR_DEFINITIONS = (
					"DEBUG=1",
					"$(inherited)",
				);
				GCC_WARN_64_TO_32_BIT_CONVERSION = YES;
				GCC_WARN_ABOUT_RETURN_TYPE = YES_ERROR;
				GCC_WARN_UNDECLARED_SELECTOR = YES;
				GCC_WARN_UNINITIALIZED_AUTOS = YES_AGGRESSIVE;
				GCC_WARN_UNUSED_FUNCTION = YES;
				GCC_WARN_UNUSED_VARIABLE = YES;
				IPHONEOS_DEPLOYMENT_TARGET = 10.3;
				MTL_ENABLE_DEBUG_INFO = YES;
				ONLY_ACTIVE_ARCH = YES;
				SDKROOT = iphoneos;
				SWIFT_ACTIVE_COMPILATION_CONDITIONS = DEBUG;
				SWIFT_OPTIMIZATION_LEVEL = "-Onone";
				SWIFT_VERSION = 4.0;
			};
			name = Debug;
		};
		5006B0091EA9625000F58549 /* Release */ = {
			isa = XCBuildConfiguration;
			buildSettings = {
				ALWAYS_SEARCH_USER_PATHS = NO;
				CLANG_ANALYZER_NONNULL = YES;
				CLANG_ANALYZER_NUMBER_OBJECT_CONVERSION = YES_AGGRESSIVE;
				CLANG_CXX_LANGUAGE_STANDARD = "gnu++0x";
				CLANG_CXX_LIBRARY = "libc++";
				CLANG_ENABLE_MODULES = YES;
				CLANG_ENABLE_OBJC_ARC = YES;
				CLANG_WARN_BLOCK_CAPTURE_AUTORELEASING = YES;
				CLANG_WARN_BOOL_CONVERSION = YES;
				CLANG_WARN_COMMA = YES;
				CLANG_WARN_CONSTANT_CONVERSION = YES;
				CLANG_WARN_DEPRECATED_OBJC_IMPLEMENTATIONS = YES;
				CLANG_WARN_DIRECT_OBJC_ISA_USAGE = YES_ERROR;
				CLANG_WARN_DOCUMENTATION_COMMENTS = YES;
				CLANG_WARN_EMPTY_BODY = YES;
				CLANG_WARN_ENUM_CONVERSION = YES;
				CLANG_WARN_INFINITE_RECURSION = YES;
				CLANG_WARN_INT_CONVERSION = YES;
				CLANG_WARN_NON_LITERAL_NULL_CONVERSION = YES;
				CLANG_WARN_OBJC_IMPLICIT_RETAIN_SELF = YES;
				CLANG_WARN_OBJC_LITERAL_CONVERSION = YES;
				CLANG_WARN_OBJC_ROOT_CLASS = YES_ERROR;
				CLANG_WARN_RANGE_LOOP_ANALYSIS = YES;
				CLANG_WARN_STRICT_PROTOTYPES = YES;
				CLANG_WARN_SUSPICIOUS_MOVE = YES;
				CLANG_WARN_UNREACHABLE_CODE = YES;
				CLANG_WARN__DUPLICATE_METHOD_MATCH = YES;
				"CODE_SIGN_IDENTITY[sdk=iphoneos*]" = "iPhone Developer";
				COPY_PHASE_STRIP = NO;
				DEBUG_INFORMATION_FORMAT = "dwarf-with-dsym";
				ENABLE_NS_ASSERTIONS = NO;
				ENABLE_STRICT_OBJC_MSGSEND = YES;
				GCC_C_LANGUAGE_STANDARD = gnu99;
				GCC_NO_COMMON_BLOCKS = YES;
				GCC_WARN_64_TO_32_BIT_CONVERSION = YES;
				GCC_WARN_ABOUT_RETURN_TYPE = YES_ERROR;
				GCC_WARN_UNDECLARED_SELECTOR = YES;
				GCC_WARN_UNINITIALIZED_AUTOS = YES_AGGRESSIVE;
				GCC_WARN_UNUSED_FUNCTION = YES;
				GCC_WARN_UNUSED_VARIABLE = YES;
				IPHONEOS_DEPLOYMENT_TARGET = 10.3;
				MTL_ENABLE_DEBUG_INFO = NO;
				SDKROOT = iphoneos;
				SWIFT_OPTIMIZATION_LEVEL = "-Owholemodule";
				SWIFT_VERSION = 4.0;
				VALIDATE_PRODUCT = YES;
			};
			name = Release;
		};
		5006B00B1EA9625000F58549 /* Debug */ = {
			isa = XCBuildConfiguration;
			baseConfigurationReference = 79D08546F469CBFA91B516C4 /* Pods-Cornell Sun.debug.xcconfig */;
			buildSettings = {
				ALWAYS_EMBED_SWIFT_STANDARD_LIBRARIES = YES;
				ASSETCATALOG_COMPILER_APPICON_NAME = AppIcon;
				CODE_SIGN_ENTITLEMENTS = "Cornell Sun/Cornell Sun.entitlements";
				CODE_SIGN_IDENTITY = "iPhone Developer";
				"CODE_SIGN_IDENTITY[sdk=iphoneos*]" = "iPhone Developer";
				CODE_SIGN_STYLE = Automatic;
				DEVELOPMENT_TEAM = D5T999AFZL;
				INFOPLIST_FILE = "Cornell Sun/Info.plist";
				IPHONEOS_DEPLOYMENT_TARGET = 10.3;
				LD_RUNPATH_SEARCH_PATHS = "$(inherited) @executable_path/Frameworks";
				PRODUCT_BUNDLE_IDENTIFIER = com.cornellsun.app;
				PRODUCT_NAME = "$(TARGET_NAME)";
				PROVISIONING_PROFILE = "";
				PROVISIONING_PROFILE_SPECIFIER = "";
				SWIFT_SWIFT3_OBJC_INFERENCE = Off;
				SWIFT_VERSION = 4.0;
				TARGETED_DEVICE_FAMILY = 1;
			};
			name = Debug;
		};
		5006B00C1EA9625000F58549 /* Release */ = {
			isa = XCBuildConfiguration;
			baseConfigurationReference = A733FA4C43777F59F6F0F8B3 /* Pods-Cornell Sun.release.xcconfig */;
			buildSettings = {
				ALWAYS_EMBED_SWIFT_STANDARD_LIBRARIES = YES;
				ASSETCATALOG_COMPILER_APPICON_NAME = AppIcon;
				CODE_SIGN_ENTITLEMENTS = "Cornell Sun/Cornell Sun.entitlements";
				CODE_SIGN_IDENTITY = "iPhone Distribution";
				"CODE_SIGN_IDENTITY[sdk=iphoneos*]" = "iPhone Developer";
				CODE_SIGN_STYLE = Automatic;
				DEVELOPMENT_TEAM = D5T999AFZL;
				INFOPLIST_FILE = "Cornell Sun/Info.plist";
				IPHONEOS_DEPLOYMENT_TARGET = 10.3;
				LD_RUNPATH_SEARCH_PATHS = "$(inherited) @executable_path/Frameworks";
				PRODUCT_BUNDLE_IDENTIFIER = com.cornellsun.app;
				PRODUCT_NAME = "$(TARGET_NAME)";
				PROVISIONING_PROFILE = "";
				PROVISIONING_PROFILE_SPECIFIER = "";
				SWIFT_SWIFT3_OBJC_INFERENCE = Off;
				SWIFT_VERSION = 4.0;
				TARGETED_DEVICE_FAMILY = 1;
				TEST_HOST = "$(BUILT_PRODUCTS_DIR)/Cornell Sun.app/Cornell Sun";
			};
			name = Release;
		};
		DC3667D9206EB9D2002EB4F9 /* Debug */ = {
			isa = XCBuildConfiguration;
			baseConfigurationReference = DA69BC56E568CC99632DAB34 /* Pods-Cornell Sun-SunNotificationServiceExtension.debug.xcconfig */;
			buildSettings = {
				APPLICATION_EXTENSION_API_ONLY = NO;
				CLANG_CXX_LANGUAGE_STANDARD = "gnu++14";
				CLANG_WARN_UNGUARDED_AVAILABILITY = YES_AGGRESSIVE;
				CODE_SIGN_IDENTITY = "iPhone Developer";
				"CODE_SIGN_IDENTITY[sdk=iphoneos*]" = "iPhone Developer";
				CODE_SIGN_STYLE = Automatic;
				DEVELOPMENT_TEAM = D5T999AFZL;
				GCC_C_LANGUAGE_STANDARD = gnu11;
				INFOPLIST_FILE = SunNotificationServiceExtension/Info.plist;
				IPHONEOS_DEPLOYMENT_TARGET = 10.3;
				LD_RUNPATH_SEARCH_PATHS = "$(inherited) @executable_path/Frameworks @executable_path/../../Frameworks";
				PRODUCT_BUNDLE_IDENTIFIER = com.cornellsun.app.SunNotificationServiceExtension;
				PRODUCT_NAME = "$(TARGET_NAME)";
				SKIP_INSTALL = YES;
				SWIFT_VERSION = 4.0;
				TARGETED_DEVICE_FAMILY = 1;
			};
			name = Debug;
		};
		DC3667DA206EB9D2002EB4F9 /* Release */ = {
			isa = XCBuildConfiguration;
			baseConfigurationReference = DD303BF8F0052FBBDBBC06E3 /* Pods-Cornell Sun-SunNotificationServiceExtension.release.xcconfig */;
			buildSettings = {
				APPLICATION_EXTENSION_API_ONLY = NO;
				CLANG_CXX_LANGUAGE_STANDARD = "gnu++14";
				CLANG_WARN_UNGUARDED_AVAILABILITY = YES_AGGRESSIVE;
				CODE_SIGN_IDENTITY = "iPhone Distribution";
				"CODE_SIGN_IDENTITY[sdk=iphoneos*]" = "iPhone Developer";
				CODE_SIGN_STYLE = Automatic;
				DEVELOPMENT_TEAM = D5T999AFZL;
				GCC_C_LANGUAGE_STANDARD = gnu11;
				INFOPLIST_FILE = SunNotificationServiceExtension/Info.plist;
				IPHONEOS_DEPLOYMENT_TARGET = 10.3;
				LD_RUNPATH_SEARCH_PATHS = "$(inherited) @executable_path/Frameworks @executable_path/../../Frameworks";
				PRODUCT_BUNDLE_IDENTIFIER = com.cornellsun.app.SunNotificationServiceExtension;
				PRODUCT_NAME = "$(TARGET_NAME)";
				SKIP_INSTALL = YES;
				SWIFT_VERSION = 4.0;
				TARGETED_DEVICE_FAMILY = 1;
			};
			name = Release;
		};
		DC446C2F1F5D016600D68688 /* Debug */ = {
			isa = XCBuildConfiguration;
			baseConfigurationReference = 389771843ED115B12D456CDA /* Pods-Cornell SunTests.debug.xcconfig */;
			buildSettings = {
				ALWAYS_EMBED_SWIFT_STANDARD_LIBRARIES = YES;
				COPY_PHASE_STRIP = NO;
				GCC_DYNAMIC_NO_PIC = NO;
				GCC_OPTIMIZATION_LEVEL = 0;
				PRODUCT_NAME = "Cornell SunTests";
				SWIFT_VERSION = 4.0;
			};
			name = Debug;
		};
		DC446C301F5D016600D68688 /* Release */ = {
			isa = XCBuildConfiguration;
			baseConfigurationReference = 8D204AC28FA383322F3630A2 /* Pods-Cornell SunTests.release.xcconfig */;
			buildSettings = {
				ALWAYS_EMBED_SWIFT_STANDARD_LIBRARIES = YES;
				COPY_PHASE_STRIP = YES;
				DEBUG_INFORMATION_FORMAT = "dwarf-with-dsym";
				PRODUCT_NAME = "Cornell SunTests";
				SWIFT_VERSION = 4.0;
			};
			name = Release;
		};
/* End XCBuildConfiguration section */

/* Begin XCConfigurationList section */
		5006AFF31EA9625000F58549 /* Build configuration list for PBXProject "Cornell Sun" */ = {
			isa = XCConfigurationList;
			buildConfigurations = (
				5006B0081EA9625000F58549 /* Debug */,
				5006B0091EA9625000F58549 /* Release */,
			);
			defaultConfigurationIsVisible = 0;
			defaultConfigurationName = Release;
		};
		5006B00A1EA9625000F58549 /* Build configuration list for PBXNativeTarget "Cornell Sun" */ = {
			isa = XCConfigurationList;
			buildConfigurations = (
				5006B00B1EA9625000F58549 /* Debug */,
				5006B00C1EA9625000F58549 /* Release */,
			);
			defaultConfigurationIsVisible = 0;
			defaultConfigurationName = Release;
		};
		DC3667DB206EB9D2002EB4F9 /* Build configuration list for PBXNativeTarget "SunNotificationServiceExtension" */ = {
			isa = XCConfigurationList;
			buildConfigurations = (
				DC3667D9206EB9D2002EB4F9 /* Debug */,
				DC3667DA206EB9D2002EB4F9 /* Release */,
			);
			defaultConfigurationIsVisible = 0;
			defaultConfigurationName = Release;
		};
		DCD870F51F256B7B00B98AF8 /* Build configuration list for PBXNativeTarget "Cornell SunTests" */ = {
			isa = XCConfigurationList;
			buildConfigurations = (
				DC446C2F1F5D016600D68688 /* Debug */,
				DC446C301F5D016600D68688 /* Release */,
			);
			defaultConfigurationIsVisible = 0;
			defaultConfigurationName = Release;
		};
/* End XCConfigurationList section */
	};
	rootObject = 5006AFF01EA9625000F58549 /* Project object */;
}
