// !$*UTF8*$!
{
	archiveVersion = 1;
	classes = {
	};
	objectVersion = 46;
	objects = {

/* Begin PBXBuildFile section */
		0C3695591EB6D9A900430C09 /* TestCollectionViewController.swift in Sources */ = {isa = PBXBuildFile; fileRef = 0C3695581EB6D9A900430C09 /* TestCollectionViewController.swift */; };
		5006AFFC1EA9625000F58549 /* AppDelegate.swift in Sources */ = {isa = PBXBuildFile; fileRef = 5006AFFB1EA9625000F58549 /* AppDelegate.swift */; };
		5006AFFE1EA9625000F58549 /* ViewController.swift in Sources */ = {isa = PBXBuildFile; fileRef = 5006AFFD1EA9625000F58549 /* ViewController.swift */; };
		5006B0031EA9625000F58549 /* Assets.xcassets in Resources */ = {isa = PBXBuildFile; fileRef = 5006B0021EA9625000F58549 /* Assets.xcassets */; };
		5006B00E1EA963A900F58549 /* Default-568h@2x.png in Resources */ = {isa = PBXBuildFile; fileRef = 5006B00D1EA963A900F58549 /* Default-568h@2x.png */; };
		5006B24D1EADA37F00F58549 /* PostObject.swift in Sources */ = {isa = PBXBuildFile; fileRef = 5006B24C1EADA37E00F58549 /* PostObject.swift */; };
		507744EF1EB532690079D80D /* Network.swift in Sources */ = {isa = PBXBuildFile; fileRef = 507744EE1EB532690079D80D /* Network.swift */; };
		50A898121EAEC93B0099CFA9 /* AuthorObject.swift in Sources */ = {isa = PBXBuildFile; fileRef = 50A898111EAEC93B0099CFA9 /* AuthorObject.swift */; };
		F252229F2922831926DB3A6C /* Pods_Cornell_Sun.framework in Frameworks */ = {isa = PBXBuildFile; fileRef = 3DBAAD519F3C5A2D044960CA /* Pods_Cornell_Sun.framework */; };
/* End PBXBuildFile section */

/* Begin PBXFileReference section */
		0C3695581EB6D9A900430C09 /* TestCollectionViewController.swift */ = {isa = PBXFileReference; fileEncoding = 4; lastKnownFileType = sourcecode.swift; path = TestCollectionViewController.swift; sourceTree = "<group>"; };
		3DBAAD519F3C5A2D044960CA /* Pods_Cornell_Sun.framework */ = {isa = PBXFileReference; explicitFileType = wrapper.framework; includeInIndex = 0; path = Pods_Cornell_Sun.framework; sourceTree = BUILT_PRODUCTS_DIR; };
		5006AFF81EA9625000F58549 /* Cornell Sun.app */ = {isa = PBXFileReference; explicitFileType = wrapper.application; includeInIndex = 0; path = "Cornell Sun.app"; sourceTree = BUILT_PRODUCTS_DIR; };
		5006AFFB1EA9625000F58549 /* AppDelegate.swift */ = {isa = PBXFileReference; lastKnownFileType = sourcecode.swift; path = AppDelegate.swift; sourceTree = "<group>"; };
		5006AFFD1EA9625000F58549 /* ViewController.swift */ = {isa = PBXFileReference; lastKnownFileType = sourcecode.swift; path = ViewController.swift; sourceTree = "<group>"; };
		5006B0021EA9625000F58549 /* Assets.xcassets */ = {isa = PBXFileReference; lastKnownFileType = folder.assetcatalog; path = Assets.xcassets; sourceTree = "<group>"; };
		5006B0071EA9625000F58549 /* Info.plist */ = {isa = PBXFileReference; lastKnownFileType = text.plist.xml; path = Info.plist; sourceTree = "<group>"; };
		5006B00D1EA963A900F58549 /* Default-568h@2x.png */ = {isa = PBXFileReference; lastKnownFileType = image.png; path = "Default-568h@2x.png"; sourceTree = "<group>"; };
		5006B24C1EADA37E00F58549 /* PostObject.swift */ = {isa = PBXFileReference; fileEncoding = 4; lastKnownFileType = sourcecode.swift; name = PostObject.swift; path = "Cornell Sun/PostObject.swift"; sourceTree = "<group>"; };
		507744EE1EB532690079D80D /* Network.swift */ = {isa = PBXFileReference; fileEncoding = 4; lastKnownFileType = sourcecode.swift; path = Network.swift; sourceTree = "<group>"; };
		50A898111EAEC93B0099CFA9 /* AuthorObject.swift */ = {isa = PBXFileReference; fileEncoding = 4; lastKnownFileType = sourcecode.swift; name = AuthorObject.swift; path = "Cornell Sun/AuthorObject.swift"; sourceTree = "<group>"; };
		79D08546F469CBFA91B516C4 /* Pods-Cornell Sun.debug.xcconfig */ = {isa = PBXFileReference; includeInIndex = 1; lastKnownFileType = text.xcconfig; name = "Pods-Cornell Sun.debug.xcconfig"; path = "Pods/Target Support Files/Pods-Cornell Sun/Pods-Cornell Sun.debug.xcconfig"; sourceTree = "<group>"; };
		A733FA4C43777F59F6F0F8B3 /* Pods-Cornell Sun.release.xcconfig */ = {isa = PBXFileReference; includeInIndex = 1; lastKnownFileType = text.xcconfig; name = "Pods-Cornell Sun.release.xcconfig"; path = "Pods/Target Support Files/Pods-Cornell Sun/Pods-Cornell Sun.release.xcconfig"; sourceTree = "<group>"; };
/* End PBXFileReference section */

/* Begin PBXFrameworksBuildPhase section */
		5006AFF51EA9625000F58549 /* Frameworks */ = {
			isa = PBXFrameworksBuildPhase;
			buildActionMask = 2147483647;
			files = (
				F252229F2922831926DB3A6C /* Pods_Cornell_Sun.framework in Frameworks */,
			);
			runOnlyForDeploymentPostprocessing = 0;
		};
/* End PBXFrameworksBuildPhase section */

/* Begin PBXGroup section */
		5006AFEF1EA9625000F58549 = {
			isa = PBXGroup;
			children = (
				5006B00D1EA963A900F58549 /* Default-568h@2x.png */,
				5006AFFA1EA9625000F58549 /* Cornell Sun */,
				5006B24E1EADA38400F58549 /* Objects */,
				507744F01EB5326D0079D80D /* Utilities */,
				5006AFF91EA9625000F58549 /* Products */,
				6FF0DFD245B42D7BBFBC46CA /* Pods */,
				C0B2C074512AC5316E8D48D8 /* Frameworks */,
			);
			sourceTree = "<group>";
		};
		5006AFF91EA9625000F58549 /* Products */ = {
			isa = PBXGroup;
			children = (
				5006AFF81EA9625000F58549 /* Cornell Sun.app */,
			);
			name = Products;
			sourceTree = "<group>";
		};
		5006AFFA1EA9625000F58549 /* Cornell Sun */ = {
			isa = PBXGroup;
			children = (
				5006AFFB1EA9625000F58549 /* AppDelegate.swift */,
				0C3695581EB6D9A900430C09 /* TestCollectionViewController.swift */,
				5006AFFD1EA9625000F58549 /* ViewController.swift */,
				5006B0021EA9625000F58549 /* Assets.xcassets */,
				5006B0071EA9625000F58549 /* Info.plist */,
			);
			path = "Cornell Sun";
			sourceTree = "<group>";
		};
		5006B24E1EADA38400F58549 /* Objects */ = {
			isa = PBXGroup;
			children = (
				50A898111EAEC93B0099CFA9 /* AuthorObject.swift */,
				5006B24C1EADA37E00F58549 /* PostObject.swift */,
			);
			name = Objects;
			sourceTree = "<group>";
		};
		507744F01EB5326D0079D80D /* Utilities */ = {
			isa = PBXGroup;
			children = (
				507744EE1EB532690079D80D /* Network.swift */,
			);
			name = Utilities;
			sourceTree = "<group>";
		};
		6FF0DFD245B42D7BBFBC46CA /* Pods */ = {
			isa = PBXGroup;
			children = (
				79D08546F469CBFA91B516C4 /* Pods-Cornell Sun.debug.xcconfig */,
				A733FA4C43777F59F6F0F8B3 /* Pods-Cornell Sun.release.xcconfig */,
			);
			name = Pods;
			sourceTree = "<group>";
		};
		C0B2C074512AC5316E8D48D8 /* Frameworks */ = {
			isa = PBXGroup;
			children = (
				3DBAAD519F3C5A2D044960CA /* Pods_Cornell_Sun.framework */,
			);
			name = Frameworks;
			sourceTree = "<group>";
		};
/* End PBXGroup section */

/* Begin PBXNativeTarget section */
		5006AFF71EA9625000F58549 /* Cornell Sun */ = {
			isa = PBXNativeTarget;
			buildConfigurationList = 5006B00A1EA9625000F58549 /* Build configuration list for PBXNativeTarget "Cornell Sun" */;
			buildPhases = (
				28AF993F02CE442DBACE904A /* [CP] Check Pods Manifest.lock */,
				5006AFF41EA9625000F58549 /* Sources */,
				5006AFF51EA9625000F58549 /* Frameworks */,
				5006AFF61EA9625000F58549 /* Resources */,
				5D796D343FAE3F7BC75A78B1 /* [CP] Embed Pods Frameworks */,
				74EBFA210DC6D01883DE7F2A /* [CP] Copy Pods Resources */,
			);
			buildRules = (
			);
			dependencies = (
			);
			name = "Cornell Sun";
			productName = "Cornell Sun";
			productReference = 5006AFF81EA9625000F58549 /* Cornell Sun.app */;
			productType = "com.apple.product-type.application";
		};
/* End PBXNativeTarget section */

/* Begin PBXProject section */
		5006AFF01EA9625000F58549 /* Project object */ = {
			isa = PBXProject;
			attributes = {
				LastSwiftUpdateCheck = 0830;
				LastUpgradeCheck = 0830;
				ORGANIZATIONNAME = cornell.sun;
				TargetAttributes = {
					5006AFF71EA9625000F58549 = {
						CreatedOnToolsVersion = 8.3.1;
						DevelopmentTeam = D5T999AFZL;
						ProvisioningStyle = Manual;
					};
				};
			};
			buildConfigurationList = 5006AFF31EA9625000F58549 /* Build configuration list for PBXProject "Cornell Sun" */;
			compatibilityVersion = "Xcode 3.2";
			developmentRegion = English;
			hasScannedForEncodings = 0;
			knownRegions = (
				en,
				Base,
			);
			mainGroup = 5006AFEF1EA9625000F58549;
			productRefGroup = 5006AFF91EA9625000F58549 /* Products */;
			projectDirPath = "";
			projectRoot = "";
			targets = (
				5006AFF71EA9625000F58549 /* Cornell Sun */,
			);
		};
/* End PBXProject section */

/* Begin PBXResourcesBuildPhase section */
		5006AFF61EA9625000F58549 /* Resources */ = {
			isa = PBXResourcesBuildPhase;
			buildActionMask = 2147483647;
			files = (
				5006B0031EA9625000F58549 /* Assets.xcassets in Resources */,
				5006B00E1EA963A900F58549 /* Default-568h@2x.png in Resources */,
			);
			runOnlyForDeploymentPostprocessing = 0;
		};
/* End PBXResourcesBuildPhase section */

/* Begin PBXShellScriptBuildPhase section */
		28AF993F02CE442DBACE904A /* [CP] Check Pods Manifest.lock */ = {
			isa = PBXShellScriptBuildPhase;
			buildActionMask = 2147483647;
			files = (
			);
			inputPaths = (
			);
			name = "[CP] Check Pods Manifest.lock";
			outputPaths = (
			);
			runOnlyForDeploymentPostprocessing = 0;
			shellPath = /bin/sh;
			shellScript = "diff \"${PODS_ROOT}/../Podfile.lock\" \"${PODS_ROOT}/Manifest.lock\" > /dev/null\nif [ $? != 0 ] ; then\n    # print error to STDERR\n    echo \"error: The sandbox is not in sync with the Podfile.lock. Run 'pod install' or update your CocoaPods installation.\" >&2\n    exit 1\nfi\n";
			showEnvVarsInLog = 0;
		};
		5D796D343FAE3F7BC75A78B1 /* [CP] Embed Pods Frameworks */ = {
			isa = PBXShellScriptBuildPhase;
			buildActionMask = 2147483647;
			files = (
			);
			inputPaths = (
			);
			name = "[CP] Embed Pods Frameworks";
			outputPaths = (
			);
			runOnlyForDeploymentPostprocessing = 0;
			shellPath = /bin/sh;
			shellScript = "\"${SRCROOT}/Pods/Target Support Files/Pods-Cornell Sun/Pods-Cornell Sun-frameworks.sh\"\n";
			showEnvVarsInLog = 0;
		};
		74EBFA210DC6D01883DE7F2A /* [CP] Copy Pods Resources */ = {
			isa = PBXShellScriptBuildPhase;
			buildActionMask = 2147483647;
			files = (
			);
			inputPaths = (
			);
			name = "[CP] Copy Pods Resources";
			outputPaths = (
			);
			runOnlyForDeploymentPostprocessing = 0;
			shellPath = /bin/sh;
			shellScript = "\"${SRCROOT}/Pods/Target Support Files/Pods-Cornell Sun/Pods-Cornell Sun-resources.sh\"\n";
			showEnvVarsInLog = 0;
		};
/* End PBXShellScriptBuildPhase section */

/* Begin PBXSourcesBuildPhase section */
		5006AFF41EA9625000F58549 /* Sources */ = {
			isa = PBXSourcesBuildPhase;
			buildActionMask = 2147483647;
			files = (
				507744EF1EB532690079D80D /* Network.swift in Sources */,
				5006AFFE1EA9625000F58549 /* ViewController.swift in Sources */,
				5006AFFC1EA9625000F58549 /* AppDelegate.swift in Sources */,
				5006B24D1EADA37F00F58549 /* PostObject.swift in Sources */,
				0C3695591EB6D9A900430C09 /* TestCollectionViewController.swift in Sources */,
				50A898121EAEC93B0099CFA9 /* AuthorObject.swift in Sources */,
			);
			runOnlyForDeploymentPostprocessing = 0;
		};
/* End PBXSourcesBuildPhase section */

/* Begin XCBuildConfiguration section */
		5006B0081EA9625000F58549 /* Debug */ = {
			isa = XCBuildConfiguration;
			buildSettings = {
				ALWAYS_SEARCH_USER_PATHS = NO;
				CLANG_ANALYZER_NONNULL = YES;
				CLANG_ANALYZER_NUMBER_OBJECT_CONVERSION = YES_AGGRESSIVE;
				CLANG_CXX_LANGUAGE_STANDARD = "gnu++0x";
				CLANG_CXX_LIBRARY = "libc++";
				CLANG_ENABLE_MODULES = YES;
				CLANG_ENABLE_OBJC_ARC = YES;
				CLANG_WARN_BOOL_CONVERSION = YES;
				CLANG_WARN_CONSTANT_CONVERSION = YES;
				CLANG_WARN_DIRECT_OBJC_ISA_USAGE = YES_ERROR;
				CLANG_WARN_DOCUMENTATION_COMMENTS = YES;
				CLANG_WARN_EMPTY_BODY = YES;
				CLANG_WARN_ENUM_CONVERSION = YES;
				CLANG_WARN_INFINITE_RECURSION = YES;
				CLANG_WARN_INT_CONVERSION = YES;
				CLANG_WARN_OBJC_ROOT_CLASS = YES_ERROR;
				CLANG_WARN_SUSPICIOUS_MOVE = YES;
				CLANG_WARN_UNREACHABLE_CODE = YES;
				CLANG_WARN__DUPLICATE_METHOD_MATCH = YES;
				"CODE_SIGN_IDENTITY[sdk=iphoneos*]" = "iPhone Developer";
				COPY_PHASE_STRIP = NO;
				DEBUG_INFORMATION_FORMAT = dwarf;
				ENABLE_STRICT_OBJC_MSGSEND = YES;
				ENABLE_TESTABILITY = YES;
				GCC_C_LANGUAGE_STANDARD = gnu99;
				GCC_DYNAMIC_NO_PIC = NO;
				GCC_NO_COMMON_BLOCKS = YES;
				GCC_OPTIMIZATION_LEVEL = 0;
				GCC_PREPROCESSOR_DEFINITIONS = (
					"DEBUG=1",
					"$(inherited)",
				);
				GCC_WARN_64_TO_32_BIT_CONVERSION = YES;
				GCC_WARN_ABOUT_RETURN_TYPE = YES_ERROR;
				GCC_WARN_UNDECLARED_SELECTOR = YES;
				GCC_WARN_UNINITIALIZED_AUTOS = YES_AGGRESSIVE;
				GCC_WARN_UNUSED_FUNCTION = YES;
				GCC_WARN_UNUSED_VARIABLE = YES;
				IPHONEOS_DEPLOYMENT_TARGET = 10.3;
				MTL_ENABLE_DEBUG_INFO = YES;
				ONLY_ACTIVE_ARCH = YES;
				SDKROOT = iphoneos;
				SWIFT_ACTIVE_COMPILATION_CONDITIONS = DEBUG;
				SWIFT_OPTIMIZATION_LEVEL = "-Onone";
			};
			name = Debug;
		};
		5006B0091EA9625000F58549 /* Release */ = {
			isa = XCBuildConfiguration;
			buildSettings = {
				ALWAYS_SEARCH_USER_PATHS = NO;
				CLANG_ANALYZER_NONNULL = YES;
				CLANG_ANALYZER_NUMBER_OBJECT_CONVERSION = YES_AGGRESSIVE;
				CLANG_CXX_LANGUAGE_STANDARD = "gnu++0x";
				CLANG_CXX_LIBRARY = "libc++";
				CLANG_ENABLE_MODULES = YES;
				CLANG_ENABLE_OBJC_ARC = YES;
				CLANG_WARN_BOOL_CONVERSION = YES;
				CLANG_WARN_CONSTANT_CONVERSION = YES;
				CLANG_WARN_DIRECT_OBJC_ISA_USAGE = YES_ERROR;
				CLANG_WARN_DOCUMENTATION_COMMENTS = YES;
				CLANG_WARN_EMPTY_BODY = YES;
				CLANG_WARN_ENUM_CONVERSION = YES;
				CLANG_WARN_INFINITE_RECURSION = YES;
				CLANG_WARN_INT_CONVERSION = YES;
				CLANG_WARN_OBJC_ROOT_CLASS = YES_ERROR;
				CLANG_WARN_SUSPICIOUS_MOVE = YES;
				CLANG_WARN_UNREACHABLE_CODE = YES;
				CLANG_WARN__DUPLICATE_METHOD_MATCH = YES;
				"CODE_SIGN_IDENTITY[sdk=iphoneos*]" = "iPhone Developer";
				COPY_PHASE_STRIP = NO;
				DEBUG_INFORMATION_FORMAT = "dwarf-with-dsym";
				ENABLE_NS_ASSERTIONS = NO;
				ENABLE_STRICT_OBJC_MSGSEND = YES;
				GCC_C_LANGUAGE_STANDARD = gnu99;
				GCC_NO_COMMON_BLOCKS = YES;
				GCC_WARN_64_TO_32_BIT_CONVERSION = YES;
				GCC_WARN_ABOUT_RETURN_TYPE = YES_ERROR;
				GCC_WARN_UNDECLARED_SELECTOR = YES;
				GCC_WARN_UNINITIALIZED_AUTOS = YES_AGGRESSIVE;
				GCC_WARN_UNUSED_FUNCTION = YES;
				GCC_WARN_UNUSED_VARIABLE = YES;
				IPHONEOS_DEPLOYMENT_TARGET = 10.3;
				MTL_ENABLE_DEBUG_INFO = NO;
				SDKROOT = iphoneos;
				SWIFT_OPTIMIZATION_LEVEL = "-Owholemodule";
				VALIDATE_PRODUCT = YES;
			};
			name = Release;
		};
		5006B00B1EA9625000F58549 /* Debug */ = {
			isa = XCBuildConfiguration;
			baseConfigurationReference = 79D08546F469CBFA91B516C4 /* Pods-Cornell Sun.debug.xcconfig */;
			buildSettings = {
				ASSETCATALOG_COMPILER_APPICON_NAME = AppIcon;
				CODE_SIGN_STYLE = Manual;
				DEVELOPMENT_TEAM = D5T999AFZL;
				INFOPLIST_FILE = "Cornell Sun/Info.plist";
				LD_RUNPATH_SEARCH_PATHS = "$(inherited) @executable_path/Frameworks";
				PRODUCT_BUNDLE_IDENTIFIER = com.cornellsun.app;
				PRODUCT_NAME = "$(TARGET_NAME)";
				PROVISIONING_PROFILE = "ae057116-5be3-4759-9388-b52c8a6209b5";
				PROVISIONING_PROFILE_SPECIFIER = "match Development com.cornellsun.app";
				SWIFT_VERSION = 3.0;
			};
			name = Debug;
		};
		5006B00C1EA9625000F58549 /* Release */ = {
			isa = XCBuildConfiguration;
			baseConfigurationReference = A733FA4C43777F59F6F0F8B3 /* Pods-Cornell Sun.release.xcconfig */;
			buildSettings = {
				ASSETCATALOG_COMPILER_APPICON_NAME = AppIcon;
				"CODE_SIGN_IDENTITY[sdk=iphoneos*]" = "iPhone Distribution";
				CODE_SIGN_STYLE = Manual;
				DEVELOPMENT_TEAM = D5T999AFZL;
				INFOPLIST_FILE = "Cornell Sun/Info.plist";
				LD_RUNPATH_SEARCH_PATHS = "$(inherited) @executable_path/Frameworks";
				PRODUCT_BUNDLE_IDENTIFIER = com.cornellsun.app;
				PRODUCT_NAME = "$(TARGET_NAME)";
				PROVISIONING_PROFILE = "16688310-fa98-4a18-afde-639148a16b14";
				PROVISIONING_PROFILE_SPECIFIER = "match AppStore com.cornellsun.app";
				SWIFT_VERSION = 3.0;
			};
			name = Release;
		};
/* End XCBuildConfiguration section */

/* Begin XCConfigurationList section */
		5006AFF31EA9625000F58549 /* Build configuration list for PBXProject "Cornell Sun" */ = {
			isa = XCConfigurationList;
			buildConfigurations = (
				5006B0081EA9625000F58549 /* Debug */,
				5006B0091EA9625000F58549 /* Release */,
			);
			defaultConfigurationIsVisible = 0;
			defaultConfigurationName = Release;
		};
		5006B00A1EA9625000F58549 /* Build configuration list for PBXNativeTarget "Cornell Sun" */ = {
			isa = XCConfigurationList;
			buildConfigurations = (
				5006B00B1EA9625000F58549 /* Debug */,
				5006B00C1EA9625000F58549 /* Release */,
			);
			defaultConfigurationIsVisible = 0;
			defaultConfigurationName = Release;
		};
/* End XCConfigurationList section */
	};
	rootObject = 5006AFF01EA9625000F58549 /* Project object */;
}
